// !$*UTF8*$!
{
	archiveVersion = 1;
	classes = {
	};
	objectVersion = 48;
	objects = {

/* Begin PBXBuildFile section */
		2512666C1F98DB67003C65D4 /* ServiceViewController.swift in Sources */ = {isa = PBXBuildFile; fileRef = 2512666B1F98DB67003C65D4 /* ServiceViewController.swift */; };
		251266701F98E6F0003C65D4 /* ServiceCollectionViewCell.swift in Sources */ = {isa = PBXBuildFile; fileRef = 2512666F1F98E6F0003C65D4 /* ServiceCollectionViewCell.swift */; };
		251266721F98E710003C65D4 /* ServiceCollectionReusableView.swift in Sources */ = {isa = PBXBuildFile; fileRef = 251266711F98E710003C65D4 /* ServiceCollectionReusableView.swift */; };
		251266761FA2307F003C65D4 /* ShowCouple.storyboard in Resources */ = {isa = PBXBuildFile; fileRef = 251266751FA2307F003C65D4 /* ShowCouple.storyboard */; };
		2512C3A81FA625F400B2BDFE /* CoupleScheduleViewController.swift in Sources */ = {isa = PBXBuildFile; fileRef = 2512C3A71FA625F400B2BDFE /* CoupleScheduleViewController.swift */; };
		2512C3AA1FA6263600B2BDFE /* CoupleAlbumViewController.swift in Sources */ = {isa = PBXBuildFile; fileRef = 2512C3A91FA6263600B2BDFE /* CoupleAlbumViewController.swift */; };
		2512C3AC1FA8BA9D00B2BDFE /* CoupleScheduleTableViewCell.swift in Sources */ = {isa = PBXBuildFile; fileRef = 2512C3AB1FA8BA9C00B2BDFE /* CoupleScheduleTableViewCell.swift */; };
		251EA86D1F8AFDAD003805F7 /* AppDelegate.swift in Sources */ = {isa = PBXBuildFile; fileRef = 251EA86C1F8AFDAD003805F7 /* AppDelegate.swift */; };
		251EA86F1F8AFDAD003805F7 /* ViewController.swift in Sources */ = {isa = PBXBuildFile; fileRef = 251EA86E1F8AFDAD003805F7 /* ViewController.swift */; };
		251EA8741F8AFDAD003805F7 /* Assets.xcassets in Resources */ = {isa = PBXBuildFile; fileRef = 251EA8731F8AFDAD003805F7 /* Assets.xcassets */; };
		251EA8771F8AFDAD003805F7 /* LaunchScreen.storyboard in Resources */ = {isa = PBXBuildFile; fileRef = 251EA8751F8AFDAD003805F7 /* LaunchScreen.storyboard */; };
		251EA8821F8AFDAD003805F7 /* GOENTests.swift in Sources */ = {isa = PBXBuildFile; fileRef = 251EA8811F8AFDAD003805F7 /* GOENTests.swift */; };
		251EA88D1F8AFDAD003805F7 /* GOENUITests.swift in Sources */ = {isa = PBXBuildFile; fileRef = 251EA88C1F8AFDAD003805F7 /* GOENUITests.swift */; };
		251EA89B1F8AFEB7003805F7 /* Auth.storyboard in Resources */ = {isa = PBXBuildFile; fileRef = 251EA89A1F8AFEB7003805F7 /* Auth.storyboard */; };
		251EA89E1F8B2E51003805F7 /* SignInViewController.swift in Sources */ = {isa = PBXBuildFile; fileRef = 251EA89D1F8B2E51003805F7 /* SignInViewController.swift */; };
		251EA8A01F8B4307003805F7 /* SignUpViewController.swift in Sources */ = {isa = PBXBuildFile; fileRef = 251EA89F1F8B4307003805F7 /* SignUpViewController.swift */; };
		251EA8A31F8B9B21003805F7 /* SwiftyJSON.framework in Frameworks */ = {isa = PBXBuildFile; fileRef = 251EA8A41F8B9B21003805F7 /* SwiftyJSON.framework */; };
		251EA8A81F8B9CDB003805F7 /* AuthApi.swift in Sources */ = {isa = PBXBuildFile; fileRef = 251EA8A71F8B9CDB003805F7 /* AuthApi.swift */; };
		251EA8BE1F8B9D75003805F7 /* Alamofire.framework in Frameworks */ = {isa = PBXBuildFile; fileRef = 251EA8BF1F8B9D75003805F7 /* Alamofire.framework */; };
		251EA8C31F8CBF86003805F7 /* SVProgressHUD.framework in Frameworks */ = {isa = PBXBuildFile; fileRef = 251EA8C41F8CBF86003805F7 /* SVProgressHUD.framework */; };
		251EA8C71F8CCE6E003805F7 /* HomeViewController.swift in Sources */ = {isa = PBXBuildFile; fileRef = 251EA8C61F8CCE6E003805F7 /* HomeViewController.swift */; };
		25214B6B2031BB8200D27AC3 /* UserProfileDetailInfoViewController.swift in Sources */ = {isa = PBXBuildFile; fileRef = 25214B6A2031BB8200D27AC3 /* UserProfileDetailInfoViewController.swift */; };
		25214B6D2031F28D00D27AC3 /* CreateBookListViewController.swift in Sources */ = {isa = PBXBuildFile; fileRef = 25214B6C2031F28D00D27AC3 /* CreateBookListViewController.swift */; };
		25214B6F2031F3A600D27AC3 /* CreateHobyListViewController.swift in Sources */ = {isa = PBXBuildFile; fileRef = 25214B6E2031F3A600D27AC3 /* CreateHobyListViewController.swift */; };
		25214B712031F3D500D27AC3 /* CreateFoodListViewController.swift in Sources */ = {isa = PBXBuildFile; fileRef = 25214B702031F3D500D27AC3 /* CreateFoodListViewController.swift */; };
		25214B732031F3E700D27AC3 /* CreateRestaurantListViewController.swift in Sources */ = {isa = PBXBuildFile; fileRef = 25214B722031F3E700D27AC3 /* CreateRestaurantListViewController.swift */; };
		25214B752031F3F500D27AC3 /* CreateSongListViewController.swift in Sources */ = {isa = PBXBuildFile; fileRef = 25214B742031F3F500D27AC3 /* CreateSongListViewController.swift */; };
		25214B772031F40300D27AC3 /* CreateRingListViewController.swift in Sources */ = {isa = PBXBuildFile; fileRef = 25214B762031F40300D27AC3 /* CreateRingListViewController.swift */; };
		25214B7A2034935700D27AC3 /* CreateBookViewController.swift in Sources */ = {isa = PBXBuildFile; fileRef = 25214B792034935700D27AC3 /* CreateBookViewController.swift */; };
		25214B7C2035BD8300D27AC3 /* CreateHobyViewController.swift in Sources */ = {isa = PBXBuildFile; fileRef = 25214B7B2035BD8300D27AC3 /* CreateHobyViewController.swift */; };
		25214B7E2035BD9200D27AC3 /* CreateFoodViewController.swift in Sources */ = {isa = PBXBuildFile; fileRef = 25214B7D2035BD9200D27AC3 /* CreateFoodViewController.swift */; };
		25214B802035BDAB00D27AC3 /* CreateRestaurantViewController.swift in Sources */ = {isa = PBXBuildFile; fileRef = 25214B7F2035BDAB00D27AC3 /* CreateRestaurantViewController.swift */; };
		25214B822035BDBB00D27AC3 /* CreateSongViewController.swift in Sources */ = {isa = PBXBuildFile; fileRef = 25214B812035BDBB00D27AC3 /* CreateSongViewController.swift */; };
		25214B842035BE1400D27AC3 /* CreateRingViewController.swift in Sources */ = {isa = PBXBuildFile; fileRef = 25214B832035BE1400D27AC3 /* CreateRingViewController.swift */; };
		252DE08A2020AC4D0026B243 /* NewsFeedViewController.swift in Sources */ = {isa = PBXBuildFile; fileRef = 252DE0892020AC4D0026B243 /* NewsFeedViewController.swift */; };
		253F67721FD97F2D004CEF07 /* ProfileApi.swift in Sources */ = {isa = PBXBuildFile; fileRef = 253F67711FD97F2D004CEF07 /* ProfileApi.swift */; };
		2544BC20201C509F00922FB3 /* NoDataInvitedTableViewCell.swift in Sources */ = {isa = PBXBuildFile; fileRef = 2544BC1F201C509F00922FB3 /* NoDataInvitedTableViewCell.swift */; };
		2553CEF11FCC42ED0097B8DE /* CoupleEditViewController.swift in Sources */ = {isa = PBXBuildFile; fileRef = 2553CEF01FCC42ED0097B8DE /* CoupleEditViewController.swift */; };
		255BBCEB1FF8D1D200DE22E6 /* CoupleCreateRes.storyboard in Resources */ = {isa = PBXBuildFile; fileRef = 255BBCEA1FF8D1D200DE22E6 /* CoupleCreateRes.storyboard */; };
		255BBCED1FF8EEC900DE22E6 /* CoupleCreateResViewController.swift in Sources */ = {isa = PBXBuildFile; fileRef = 255BBCEC1FF8EEC900DE22E6 /* CoupleCreateResViewController.swift */; };
		259C93061FDD54D8004C0F06 /* UserProfileEdit1ViewController.swift in Sources */ = {isa = PBXBuildFile; fileRef = 259C93051FDD54D8004C0F06 /* UserProfileEdit1ViewController.swift */; };
		259C93081FDEDC86004C0F06 /* UserProfileEdit2ViewController.swift in Sources */ = {isa = PBXBuildFile; fileRef = 259C93071FDEDC86004C0F06 /* UserProfileEdit2ViewController.swift */; };
		259C930A1FDEDC95004C0F06 /* UserProfileEdit3ViewController.swift in Sources */ = {isa = PBXBuildFile; fileRef = 259C93091FDEDC95004C0F06 /* UserProfileEdit3ViewController.swift */; };
		259C930C1FDEDCB2004C0F06 /* UserProfileEdit4ViewController.swift in Sources */ = {isa = PBXBuildFile; fileRef = 259C930B1FDEDCB2004C0F06 /* UserProfileEdit4ViewController.swift */; };
		259C938C1FE2D4EA004C0F06 /* UserProfileEdit5ViewController.swift in Sources */ = {isa = PBXBuildFile; fileRef = 259C938B1FE2D4EA004C0F06 /* UserProfileEdit5ViewController.swift */; };
		25B282131FFA8F1A00E24B9F /* CeremonyHome.storyboard in Resources */ = {isa = PBXBuildFile; fileRef = 25B282121FFA8F1A00E24B9F /* CeremonyHome.storyboard */; };
		25B282151FFB847900E24B9F /* CeremonyListViewController.swift in Sources */ = {isa = PBXBuildFile; fileRef = 25B282141FFB847900E24B9F /* CeremonyListViewController.swift */; };
		25B282171FFB84A500E24B9F /* CeremonyListTableViewCell.swift in Sources */ = {isa = PBXBuildFile; fileRef = 25B282161FFB84A500E24B9F /* CeremonyListTableViewCell.swift */; };
		25B282191FFBCF0600E24B9F /* NoCeremonyListTableViewCell.swift in Sources */ = {isa = PBXBuildFile; fileRef = 25B282181FFBCF0600E24B9F /* NoCeremonyListTableViewCell.swift */; };
		25B2821B1FFBCF5700E24B9F /* CeremonyApi.swift in Sources */ = {isa = PBXBuildFile; fileRef = 25B2821A1FFBCF5700E24B9F /* CeremonyApi.swift */; };
		25B2821E1FFFB62600E24B9F /* CeremonyMyBrideMainViewController.swift in Sources */ = {isa = PBXBuildFile; fileRef = 25B2821D1FFFB62600E24B9F /* CeremonyMyBrideMainViewController.swift */; };
		25B282212000E8E800E24B9F /* MyBrideBasicInfoCollectionViewCell.swift in Sources */ = {isa = PBXBuildFile; fileRef = 25B282202000E8E800E24B9F /* MyBrideBasicInfoCollectionViewCell.swift */; };
		25B282232000E95400E24B9F /* MyBrideHoldingInfoCollectionViewCell.swift in Sources */ = {isa = PBXBuildFile; fileRef = 25B282222000E95400E24B9F /* MyBrideHoldingInfoCollectionViewCell.swift */; };
		25B282252000E99500E24B9F /* MyBrideReceptionHoldingInfoCollectionViewCell.swift in Sources */ = {isa = PBXBuildFile; fileRef = 25B282242000E99500E24B9F /* MyBrideReceptionHoldingInfoCollectionViewCell.swift */; };
		25B282272000E9AE00E24B9F /* MyBrideSecReceptionHoldingInfoCollectionViewCell.swift in Sources */ = {isa = PBXBuildFile; fileRef = 25B282262000E9AE00E24B9F /* MyBrideSecReceptionHoldingInfoCollectionViewCell.swift */; };
		25B2822920010CF900E24B9F /* NoBrideViewController.swift in Sources */ = {isa = PBXBuildFile; fileRef = 25B2822820010CF900E24B9F /* NoBrideViewController.swift */; };
		25B2822B2002306400E24B9F /* CeremonyListTabBarController.swift in Sources */ = {isa = PBXBuildFile; fileRef = 25B2822A2002306400E24B9F /* CeremonyListTabBarController.swift */; };
		25B2822E2003041700E24B9F /* textField.swift in Sources */ = {isa = PBXBuildFile; fileRef = 25B2822D2003041700E24B9F /* textField.swift */; };
		25B2F7FB1F8E5C6100DF599B /* CoupleCreateConfUserViewController.swift in Sources */ = {isa = PBXBuildFile; fileRef = 25B2F7FA1F8E5C6100DF599B /* CoupleCreateConfUserViewController.swift */; };
		25B2F7FD1F8E5CE900DF599B /* HomeTabBarController.swift in Sources */ = {isa = PBXBuildFile; fileRef = 25B2F7FC1F8E5CE900DF599B /* HomeTabBarController.swift */; };
		25B2F7FF1F8FB4F400DF599B /* CoupleApi.swift in Sources */ = {isa = PBXBuildFile; fileRef = 25B2F7FE1F8FB4F400DF599B /* CoupleApi.swift */; };
		25B2F8011F91092E00DF599B /* CoupleMainViewController.swift in Sources */ = {isa = PBXBuildFile; fileRef = 25B2F8001F91092E00DF599B /* CoupleMainViewController.swift */; };
		25B2F8031F921E4600DF599B /* HomeCollectionViewController.swift in Sources */ = {isa = PBXBuildFile; fileRef = 25B2F8021F921E4600DF599B /* HomeCollectionViewController.swift */; };
		25B2F8051F92464F00DF599B /* HomeCollectionViewCell.swift in Sources */ = {isa = PBXBuildFile; fileRef = 25B2F8041F92464F00DF599B /* HomeCollectionViewCell.swift */; };
		25B2F8071F9578DA00DF599B /* UserApi.swift in Sources */ = {isa = PBXBuildFile; fileRef = 25B2F8061F9578DA00DF599B /* UserApi.swift */; };
		25B9AE221FFA367A00B30A3B /* CoupleCreateResAnswerViewController.swift in Sources */ = {isa = PBXBuildFile; fileRef = 25B9AE211FFA367A00B30A3B /* CoupleCreateResAnswerViewController.swift */; };
		25BDBC771FD26F7C00CDFE86 /* CoupleCreateInfoViewController.swift in Sources */ = {isa = PBXBuildFile; fileRef = 25BDBC761FD26F7C00CDFE86 /* CoupleCreateInfoViewController.swift */; };
		25BDDE181FB8AC05005DA540 /* CoupleAlbumTableViewCell.swift in Sources */ = {isa = PBXBuildFile; fileRef = 25BDDE171FB8AC05005DA540 /* CoupleAlbumTableViewCell.swift */; };
		25BDDE1A1FB8AEB2005DA540 /* CoupleAlbumApi.swift in Sources */ = {isa = PBXBuildFile; fileRef = 25BDDE191FB8AEB2005DA540 /* CoupleAlbumApi.swift */; };
		25BDDE1C1FBC8C21005DA540 /* CoupleAlbumCreateViewController.swift in Sources */ = {isa = PBXBuildFile; fileRef = 25BDDE1B1FBC8C21005DA540 /* CoupleAlbumCreateViewController.swift */; };
		25C1ED411FA8CEA80096738B /* CoupleScheduleCreateViewController.swift in Sources */ = {isa = PBXBuildFile; fileRef = 25C1ED401FA8CEA80096738B /* CoupleScheduleCreateViewController.swift */; };
		25C76C1A1FC1110300EFD5A5 /* CoupleAlbumDetailViewController.swift in Sources */ = {isa = PBXBuildFile; fileRef = 25C76C191FC1110300EFD5A5 /* CoupleAlbumDetailViewController.swift */; };
		25C76C1C1FC119DC00EFD5A5 /* CoupleAlbumDetailCollectionViewCell.swift in Sources */ = {isa = PBXBuildFile; fileRef = 25C76C1B1FC119DC00EFD5A5 /* CoupleAlbumDetailCollectionViewCell.swift */; };
		25C76C1E1FC19EEA00EFD5A5 /* CoupleAlbumImageCreateViewController.swift in Sources */ = {isa = PBXBuildFile; fileRef = 25C76C1D1FC19EEA00EFD5A5 /* CoupleAlbumImageCreateViewController.swift */; };
		25C76C1F1FC317CB00EFD5A5 /* Cloudinary.framework in Frameworks */ = {isa = PBXBuildFile; fileRef = 25C76C201FC317CB00EFD5A5 /* Cloudinary.framework */; };
		25C8DD801FADC6A30094E571 /* CoupleScheduleApi.swift in Sources */ = {isa = PBXBuildFile; fileRef = 25C8DD7F1FADC6A30094E571 /* CoupleScheduleApi.swift */; };
		25C8DD821FB3529B0094E571 /* CoupleScheduleDetailViewController.swift in Sources */ = {isa = PBXBuildFile; fileRef = 25C8DD811FB3529B0094E571 /* CoupleScheduleDetailViewController.swift */; };
		25DCC4D11FD2C45400ABCCB0 /* HomeTabViewController.swift in Sources */ = {isa = PBXBuildFile; fileRef = 25DCC4D01FD2C45400ABCCB0 /* HomeTabViewController.swift */; };
		25DCC4D31FD3034A00ABCCB0 /* UserInfoEdit.storyboard in Resources */ = {isa = PBXBuildFile; fileRef = 25DCC4D21FD3034900ABCCB0 /* UserInfoEdit.storyboard */; };
		25DCC4D71FD3E3CF00ABCCB0 /* UserProfileMainViewController.swift in Sources */ = {isa = PBXBuildFile; fileRef = 25DCC4D61FD3E3CF00ABCCB0 /* UserProfileMainViewController.swift */; };
		25DCC4DA1FD3EDFA00ABCCB0 /* BasicProfileView.swift in Sources */ = {isa = PBXBuildFile; fileRef = 25DCC4D91FD3EDFA00ABCCB0 /* BasicProfileView.swift */; };
		25DCC4DD1FD4633100ABCCB0 /* profileBasicViewController.swift in Sources */ = {isa = PBXBuildFile; fileRef = 25DCC4DC1FD4633100ABCCB0 /* profileBasicViewController.swift */; };
		25DCC4DF1FD4647A00ABCCB0 /* UserNameImageTableViewCell.swift in Sources */ = {isa = PBXBuildFile; fileRef = 25DCC4DE1FD4647A00ABCCB0 /* UserNameImageTableViewCell.swift */; };
		25DCC4E11FD4653900ABCCB0 /* BirthdayTableViewCell.swift in Sources */ = {isa = PBXBuildFile; fileRef = 25DCC4E01FD4653900ABCCB0 /* BirthdayTableViewCell.swift */; };
		25DCC4E31FD4658300ABCCB0 /* BloodTypeTableViewCell.swift in Sources */ = {isa = PBXBuildFile; fileRef = 25DCC4E21FD4658300ABCCB0 /* BloodTypeTableViewCell.swift */; };
		25DCC4E51FD4659400ABCCB0 /* BirthPlaceTableViewCell.swift in Sources */ = {isa = PBXBuildFile; fileRef = 25DCC4E41FD4659400ABCCB0 /* BirthPlaceTableViewCell.swift */; };
		25DCC4E71FD465A400ABCCB0 /* UniversityTableViewCell.swift in Sources */ = {isa = PBXBuildFile; fileRef = 25DCC4E61FD465A400ABCCB0 /* UniversityTableViewCell.swift */; };
		25DCC4E91FD465C200ABCCB0 /* ProposeTableViewCell.swift in Sources */ = {isa = PBXBuildFile; fileRef = 25DCC4E81FD465C200ABCCB0 /* ProposeTableViewCell.swift */; };
		25ECD67C1FCF0AD500402304 /* CreateCouple.storyboard in Resources */ = {isa = PBXBuildFile; fileRef = 25ECD67B1FCF0AD500402304 /* CreateCouple.storyboard */; };
		25F017CF2004F7790063C125 /* CeremonyMyBrideBasicInfoCreateViewController.swift in Sources */ = {isa = PBXBuildFile; fileRef = 25F017CE2004F7790063C125 /* CeremonyMyBrideBasicInfoCreateViewController.swift */; };
		25F017D4200CE8C40063C125 /* CeremonyInvitationMainViewController.swift in Sources */ = {isa = PBXBuildFile; fileRef = 25F017D3200CE8C40063C125 /* CeremonyInvitationMainViewController.swift */; };
		25F017D9200D0F710063C125 /* MyBridalInviListViewController.swift in Sources */ = {isa = PBXBuildFile; fileRef = 25F017D8200D0F710063C125 /* MyBridalInviListViewController.swift */; };
		25F017DB200F915F0063C125 /* MyBridalInvTableViewCell.swift in Sources */ = {isa = PBXBuildFile; fileRef = 25F017DA200F915F0063C125 /* MyBridalInvTableViewCell.swift */; };
		25F017DD200F91CC0063C125 /* NoDataTableViewCell.swift in Sources */ = {isa = PBXBuildFile; fileRef = 25F017DC200F91CC0063C125 /* NoDataTableViewCell.swift */; };
		25F017E02010DF580063C125 /* InviteUserListViewController.swift in Sources */ = {isa = PBXBuildFile; fileRef = 25F017DF2010DF580063C125 /* InviteUserListViewController.swift */; };
		25F017E22010F0210063C125 /* InviteUserListTableViewCell.swift in Sources */ = {isa = PBXBuildFile; fileRef = 25F017E12010F0210063C125 /* InviteUserListTableViewCell.swift */; };
		25F017E520145C830063C125 /* InviteUsersDetailInfoViewController.swift in Sources */ = {isa = PBXBuildFile; fileRef = 25F017E420145C830063C125 /* InviteUsersDetailInfoViewController.swift */; };
		25F017E72014700F0063C125 /* InviteUserDetailBasicTableViewCell.swift in Sources */ = {isa = PBXBuildFile; fileRef = 25F017E62014700F0063C125 /* InviteUserDetailBasicTableViewCell.swift */; };
		25F017E9201470E30063C125 /* InviteUserDetailPhotoTableViewCell.swift in Sources */ = {isa = PBXBuildFile; fileRef = 25F017E8201470E30063C125 /* InviteUserDetailPhotoTableViewCell.swift */; };
		25F017EB2014F3CD0063C125 /* CeremonyPhotoApi.swift in Sources */ = {isa = PBXBuildFile; fileRef = 25F017EA2014F3CD0063C125 /* CeremonyPhotoApi.swift */; };
		25F017EE201613820063C125 /* dummy.m in Sources */ = {isa = PBXBuildFile; fileRef = 25F017ED201613820063C125 /* dummy.m */; };
		25F017F22018EBC90063C125 /* InvitedMainListViewController.swift in Sources */ = {isa = PBXBuildFile; fileRef = 25F017F12018EBC90063C125 /* InvitedMainListViewController.swift */; };
		25F017F42018F3B30063C125 /* InvitedMainListTableViewCell.swift in Sources */ = {isa = PBXBuildFile; fileRef = 25F017F32018F3B30063C125 /* InvitedMainListTableViewCell.swift */; };
		25F130F12020D349000DE3E1 /* CeremonyMessageListViewController.swift in Sources */ = {isa = PBXBuildFile; fileRef = 25F130F02020D349000DE3E1 /* CeremonyMessageListViewController.swift */; };
		25F130F320220307000DE3E1 /* CeremonyMessageCollectionViewCell.swift in Sources */ = {isa = PBXBuildFile; fileRef = 25F130F220220307000DE3E1 /* CeremonyMessageCollectionViewCell.swift */; };
		25F130F52025BBB4000DE3E1 /* CeremonyMessageListHeaderCollectionViewCell.swift in Sources */ = {isa = PBXBuildFile; fileRef = 25F130F42025BBB4000DE3E1 /* CeremonyMessageListHeaderCollectionViewCell.swift */; };
		25F130F82025F082000DE3E1 /* CreateMessageViewController.swift in Sources */ = {isa = PBXBuildFile; fileRef = 25F130F72025F082000DE3E1 /* CreateMessageViewController.swift */; };
		7EFE3A23E161BC17CB8F020E /* Pods_GOEN.framework in Frameworks */ = {isa = PBXBuildFile; fileRef = 837D5CD73E064F5182DCD471 /* Pods_GOEN.framework */; };
		A5267EA1A9EEA6F7F9834A43 /* Pods_GOENTests.framework in Frameworks */ = {isa = PBXBuildFile; fileRef = 8CAFB791DEC0B7CDEB03FE65 /* Pods_GOENTests.framework */; };
		F0632D962ABA905C05E46074 /* Pods_GOENUITests.framework in Frameworks */ = {isa = PBXBuildFile; fileRef = 020680F1DA2E6F838E0DA6A7 /* Pods_GOENUITests.framework */; };
/* End PBXBuildFile section */

/* Begin PBXContainerItemProxy section */
		251EA87E1F8AFDAD003805F7 /* PBXContainerItemProxy */ = {
			isa = PBXContainerItemProxy;
			containerPortal = 251EA8611F8AFDAD003805F7 /* Project object */;
			proxyType = 1;
			remoteGlobalIDString = 251EA8681F8AFDAD003805F7;
			remoteInfo = GOEN;
		};
		251EA8891F8AFDAD003805F7 /* PBXContainerItemProxy */ = {
			isa = PBXContainerItemProxy;
			containerPortal = 251EA8611F8AFDAD003805F7 /* Project object */;
			proxyType = 1;
			remoteGlobalIDString = 251EA8681F8AFDAD003805F7;
			remoteInfo = GOEN;
		};
/* End PBXContainerItemProxy section */

/* Begin PBXFileReference section */
		020680F1DA2E6F838E0DA6A7 /* Pods_GOENUITests.framework */ = {isa = PBXFileReference; explicitFileType = wrapper.framework; includeInIndex = 0; path = Pods_GOENUITests.framework; sourceTree = BUILT_PRODUCTS_DIR; };
		2512666B1F98DB67003C65D4 /* ServiceViewController.swift */ = {isa = PBXFileReference; lastKnownFileType = sourcecode.swift; path = ServiceViewController.swift; sourceTree = "<group>"; };
		2512666F1F98E6F0003C65D4 /* ServiceCollectionViewCell.swift */ = {isa = PBXFileReference; lastKnownFileType = sourcecode.swift; path = ServiceCollectionViewCell.swift; sourceTree = "<group>"; };
		251266711F98E710003C65D4 /* ServiceCollectionReusableView.swift */ = {isa = PBXFileReference; lastKnownFileType = sourcecode.swift; path = ServiceCollectionReusableView.swift; sourceTree = "<group>"; };
		251266751FA2307F003C65D4 /* ShowCouple.storyboard */ = {isa = PBXFileReference; lastKnownFileType = file.storyboard; path = ShowCouple.storyboard; sourceTree = "<group>"; };
		2512C3A71FA625F400B2BDFE /* CoupleScheduleViewController.swift */ = {isa = PBXFileReference; lastKnownFileType = sourcecode.swift; path = CoupleScheduleViewController.swift; sourceTree = "<group>"; };
		2512C3A91FA6263600B2BDFE /* CoupleAlbumViewController.swift */ = {isa = PBXFileReference; lastKnownFileType = sourcecode.swift; path = CoupleAlbumViewController.swift; sourceTree = "<group>"; };
		2512C3AB1FA8BA9C00B2BDFE /* CoupleScheduleTableViewCell.swift */ = {isa = PBXFileReference; lastKnownFileType = sourcecode.swift; path = CoupleScheduleTableViewCell.swift; sourceTree = "<group>"; };
		251EA8691F8AFDAD003805F7 /* GOEN.app */ = {isa = PBXFileReference; explicitFileType = wrapper.application; includeInIndex = 0; path = GOEN.app; sourceTree = BUILT_PRODUCTS_DIR; };
		251EA86C1F8AFDAD003805F7 /* AppDelegate.swift */ = {isa = PBXFileReference; lastKnownFileType = sourcecode.swift; path = AppDelegate.swift; sourceTree = "<group>"; };
		251EA86E1F8AFDAD003805F7 /* ViewController.swift */ = {isa = PBXFileReference; lastKnownFileType = sourcecode.swift; path = ViewController.swift; sourceTree = "<group>"; };
		251EA8731F8AFDAD003805F7 /* Assets.xcassets */ = {isa = PBXFileReference; lastKnownFileType = folder.assetcatalog; path = Assets.xcassets; sourceTree = "<group>"; };
		251EA8761F8AFDAD003805F7 /* Base */ = {isa = PBXFileReference; lastKnownFileType = file.storyboard; name = Base; path = Base.lproj/LaunchScreen.storyboard; sourceTree = "<group>"; };
		251EA8781F8AFDAD003805F7 /* Info.plist */ = {isa = PBXFileReference; lastKnownFileType = text.plist.xml; path = Info.plist; sourceTree = "<group>"; };
		251EA87D1F8AFDAD003805F7 /* GOENTests.xctest */ = {isa = PBXFileReference; explicitFileType = wrapper.cfbundle; includeInIndex = 0; path = GOENTests.xctest; sourceTree = BUILT_PRODUCTS_DIR; };
		251EA8811F8AFDAD003805F7 /* GOENTests.swift */ = {isa = PBXFileReference; lastKnownFileType = sourcecode.swift; path = GOENTests.swift; sourceTree = "<group>"; };
		251EA8831F8AFDAD003805F7 /* Info.plist */ = {isa = PBXFileReference; lastKnownFileType = text.plist.xml; path = Info.plist; sourceTree = "<group>"; };
		251EA8881F8AFDAD003805F7 /* GOENUITests.xctest */ = {isa = PBXFileReference; explicitFileType = wrapper.cfbundle; includeInIndex = 0; path = GOENUITests.xctest; sourceTree = BUILT_PRODUCTS_DIR; };
		251EA88C1F8AFDAD003805F7 /* GOENUITests.swift */ = {isa = PBXFileReference; lastKnownFileType = sourcecode.swift; path = GOENUITests.swift; sourceTree = "<group>"; };
		251EA88E1F8AFDAD003805F7 /* Info.plist */ = {isa = PBXFileReference; lastKnownFileType = text.plist.xml; path = Info.plist; sourceTree = "<group>"; };
		251EA89A1F8AFEB7003805F7 /* Auth.storyboard */ = {isa = PBXFileReference; lastKnownFileType = file.storyboard; path = Auth.storyboard; sourceTree = "<group>"; };
		251EA89D1F8B2E51003805F7 /* SignInViewController.swift */ = {isa = PBXFileReference; lastKnownFileType = sourcecode.swift; path = SignInViewController.swift; sourceTree = "<group>"; };
		251EA89F1F8B4307003805F7 /* SignUpViewController.swift */ = {isa = PBXFileReference; lastKnownFileType = sourcecode.swift; path = SignUpViewController.swift; sourceTree = "<group>"; };
		251EA8A21F8B9B19003805F7 /* Alamofire.framework */ = {isa = PBXFileReference; explicitFileType = wrapper.framework; path = Alamofire.framework; sourceTree = BUILT_PRODUCTS_DIR; };
		251EA8A41F8B9B21003805F7 /* SwiftyJSON.framework */ = {isa = PBXFileReference; explicitFileType = wrapper.framework; path = SwiftyJSON.framework; sourceTree = BUILT_PRODUCTS_DIR; };
		251EA8A71F8B9CDB003805F7 /* AuthApi.swift */ = {isa = PBXFileReference; lastKnownFileType = sourcecode.swift; path = AuthApi.swift; sourceTree = "<group>"; };
		251EA8AA1F8B9D6B003805F7 /* LICENSE */ = {isa = PBXFileReference; lastKnownFileType = text; path = LICENSE; sourceTree = "<group>"; };
		251EA8AB1F8B9D6B003805F7 /* README.md */ = {isa = PBXFileReference; lastKnownFileType = net.daringfireball.markdown; path = README.md; sourceTree = "<group>"; };
		251EA8AD1F8B9D6B003805F7 /* AFError.swift */ = {isa = PBXFileReference; lastKnownFileType = sourcecode.swift; path = AFError.swift; sourceTree = "<group>"; };
		251EA8AE1F8B9D6B003805F7 /* Alamofire.swift */ = {isa = PBXFileReference; lastKnownFileType = sourcecode.swift; path = Alamofire.swift; sourceTree = "<group>"; };
		251EA8AF1F8B9D6B003805F7 /* DispatchQueue+Alamofire.swift */ = {isa = PBXFileReference; lastKnownFileType = sourcecode.swift; path = "DispatchQueue+Alamofire.swift"; sourceTree = "<group>"; };
		251EA8B01F8B9D6B003805F7 /* MultipartFormData.swift */ = {isa = PBXFileReference; lastKnownFileType = sourcecode.swift; path = MultipartFormData.swift; sourceTree = "<group>"; };
		251EA8B11F8B9D6B003805F7 /* NetworkReachabilityManager.swift */ = {isa = PBXFileReference; lastKnownFileType = sourcecode.swift; path = NetworkReachabilityManager.swift; sourceTree = "<group>"; };
		251EA8B21F8B9D6B003805F7 /* Notifications.swift */ = {isa = PBXFileReference; lastKnownFileType = sourcecode.swift; path = Notifications.swift; sourceTree = "<group>"; };
		251EA8B31F8B9D6B003805F7 /* ParameterEncoding.swift */ = {isa = PBXFileReference; lastKnownFileType = sourcecode.swift; path = ParameterEncoding.swift; sourceTree = "<group>"; };
		251EA8B41F8B9D6B003805F7 /* Request.swift */ = {isa = PBXFileReference; lastKnownFileType = sourcecode.swift; path = Request.swift; sourceTree = "<group>"; };
		251EA8B51F8B9D6B003805F7 /* Response.swift */ = {isa = PBXFileReference; lastKnownFileType = sourcecode.swift; path = Response.swift; sourceTree = "<group>"; };
		251EA8B61F8B9D6B003805F7 /* ResponseSerialization.swift */ = {isa = PBXFileReference; lastKnownFileType = sourcecode.swift; path = ResponseSerialization.swift; sourceTree = "<group>"; };
		251EA8B71F8B9D6B003805F7 /* Result.swift */ = {isa = PBXFileReference; lastKnownFileType = sourcecode.swift; path = Result.swift; sourceTree = "<group>"; };
		251EA8B81F8B9D6B003805F7 /* ServerTrustPolicy.swift */ = {isa = PBXFileReference; lastKnownFileType = sourcecode.swift; path = ServerTrustPolicy.swift; sourceTree = "<group>"; };
		251EA8B91F8B9D6B003805F7 /* SessionDelegate.swift */ = {isa = PBXFileReference; lastKnownFileType = sourcecode.swift; path = SessionDelegate.swift; sourceTree = "<group>"; };
		251EA8BA1F8B9D6B003805F7 /* SessionManager.swift */ = {isa = PBXFileReference; lastKnownFileType = sourcecode.swift; path = SessionManager.swift; sourceTree = "<group>"; };
		251EA8BB1F8B9D6B003805F7 /* TaskDelegate.swift */ = {isa = PBXFileReference; lastKnownFileType = sourcecode.swift; path = TaskDelegate.swift; sourceTree = "<group>"; };
		251EA8BC1F8B9D6B003805F7 /* Timeline.swift */ = {isa = PBXFileReference; lastKnownFileType = sourcecode.swift; path = Timeline.swift; sourceTree = "<group>"; };
		251EA8BD1F8B9D6B003805F7 /* Validation.swift */ = {isa = PBXFileReference; lastKnownFileType = sourcecode.swift; path = Validation.swift; sourceTree = "<group>"; };
		251EA8BF1F8B9D75003805F7 /* Alamofire.framework */ = {isa = PBXFileReference; explicitFileType = wrapper.framework; path = Alamofire.framework; sourceTree = BUILT_PRODUCTS_DIR; };
		251EA8C41F8CBF86003805F7 /* SVProgressHUD.framework */ = {isa = PBXFileReference; explicitFileType = wrapper.framework; path = SVProgressHUD.framework; sourceTree = BUILT_PRODUCTS_DIR; };
		251EA8C61F8CCE6E003805F7 /* HomeViewController.swift */ = {isa = PBXFileReference; lastKnownFileType = sourcecode.swift; path = HomeViewController.swift; sourceTree = "<group>"; };
		25214B6A2031BB8200D27AC3 /* UserProfileDetailInfoViewController.swift */ = {isa = PBXFileReference; lastKnownFileType = sourcecode.swift; path = UserProfileDetailInfoViewController.swift; sourceTree = "<group>"; };
		25214B6C2031F28D00D27AC3 /* CreateBookListViewController.swift */ = {isa = PBXFileReference; lastKnownFileType = sourcecode.swift; path = CreateBookListViewController.swift; sourceTree = "<group>"; };
		25214B6E2031F3A600D27AC3 /* CreateHobyListViewController.swift */ = {isa = PBXFileReference; lastKnownFileType = sourcecode.swift; path = CreateHobyListViewController.swift; sourceTree = "<group>"; };
		25214B702031F3D500D27AC3 /* CreateFoodListViewController.swift */ = {isa = PBXFileReference; lastKnownFileType = sourcecode.swift; path = CreateFoodListViewController.swift; sourceTree = "<group>"; };
		25214B722031F3E700D27AC3 /* CreateRestaurantListViewController.swift */ = {isa = PBXFileReference; lastKnownFileType = sourcecode.swift; path = CreateRestaurantListViewController.swift; sourceTree = "<group>"; };
		25214B742031F3F500D27AC3 /* CreateSongListViewController.swift */ = {isa = PBXFileReference; lastKnownFileType = sourcecode.swift; path = CreateSongListViewController.swift; sourceTree = "<group>"; };
		25214B762031F40300D27AC3 /* CreateRingListViewController.swift */ = {isa = PBXFileReference; lastKnownFileType = sourcecode.swift; path = CreateRingListViewController.swift; sourceTree = "<group>"; };
		25214B792034935700D27AC3 /* CreateBookViewController.swift */ = {isa = PBXFileReference; lastKnownFileType = sourcecode.swift; path = CreateBookViewController.swift; sourceTree = "<group>"; };
		25214B7B2035BD8300D27AC3 /* CreateHobyViewController.swift */ = {isa = PBXFileReference; lastKnownFileType = sourcecode.swift; path = CreateHobyViewController.swift; sourceTree = "<group>"; };
		25214B7D2035BD9200D27AC3 /* CreateFoodViewController.swift */ = {isa = PBXFileReference; lastKnownFileType = sourcecode.swift; path = CreateFoodViewController.swift; sourceTree = "<group>"; };
		25214B7F2035BDAB00D27AC3 /* CreateRestaurantViewController.swift */ = {isa = PBXFileReference; lastKnownFileType = sourcecode.swift; path = CreateRestaurantViewController.swift; sourceTree = "<group>"; };
		25214B812035BDBB00D27AC3 /* CreateSongViewController.swift */ = {isa = PBXFileReference; lastKnownFileType = sourcecode.swift; path = CreateSongViewController.swift; sourceTree = "<group>"; };
		25214B832035BE1400D27AC3 /* CreateRingViewController.swift */ = {isa = PBXFileReference; lastKnownFileType = sourcecode.swift; path = CreateRingViewController.swift; sourceTree = "<group>"; };
		252DE0892020AC4D0026B243 /* NewsFeedViewController.swift */ = {isa = PBXFileReference; lastKnownFileType = sourcecode.swift; path = NewsFeedViewController.swift; sourceTree = "<group>"; };
		253F67711FD97F2D004CEF07 /* ProfileApi.swift */ = {isa = PBXFileReference; lastKnownFileType = sourcecode.swift; path = ProfileApi.swift; sourceTree = "<group>"; };
		2544BC1F201C509F00922FB3 /* NoDataInvitedTableViewCell.swift */ = {isa = PBXFileReference; lastKnownFileType = sourcecode.swift; path = NoDataInvitedTableViewCell.swift; sourceTree = "<group>"; };
		2553CEF01FCC42ED0097B8DE /* CoupleEditViewController.swift */ = {isa = PBXFileReference; lastKnownFileType = sourcecode.swift; path = CoupleEditViewController.swift; sourceTree = "<group>"; };
		255BBCEA1FF8D1D200DE22E6 /* CoupleCreateRes.storyboard */ = {isa = PBXFileReference; lastKnownFileType = file.storyboard; path = CoupleCreateRes.storyboard; sourceTree = "<group>"; };
		255BBCEC1FF8EEC900DE22E6 /* CoupleCreateResViewController.swift */ = {isa = PBXFileReference; lastKnownFileType = sourcecode.swift; path = CoupleCreateResViewController.swift; sourceTree = "<group>"; };
		259C93051FDD54D8004C0F06 /* UserProfileEdit1ViewController.swift */ = {isa = PBXFileReference; lastKnownFileType = sourcecode.swift; path = UserProfileEdit1ViewController.swift; sourceTree = "<group>"; };
		259C93071FDEDC86004C0F06 /* UserProfileEdit2ViewController.swift */ = {isa = PBXFileReference; lastKnownFileType = sourcecode.swift; path = UserProfileEdit2ViewController.swift; sourceTree = "<group>"; };
		259C93091FDEDC95004C0F06 /* UserProfileEdit3ViewController.swift */ = {isa = PBXFileReference; lastKnownFileType = sourcecode.swift; path = UserProfileEdit3ViewController.swift; sourceTree = "<group>"; };
		259C930B1FDEDCB2004C0F06 /* UserProfileEdit4ViewController.swift */ = {isa = PBXFileReference; lastKnownFileType = sourcecode.swift; path = UserProfileEdit4ViewController.swift; sourceTree = "<group>"; };
		259C938B1FE2D4EA004C0F06 /* UserProfileEdit5ViewController.swift */ = {isa = PBXFileReference; lastKnownFileType = sourcecode.swift; path = UserProfileEdit5ViewController.swift; sourceTree = "<group>"; };
		25B282121FFA8F1A00E24B9F /* CeremonyHome.storyboard */ = {isa = PBXFileReference; lastKnownFileType = file.storyboard; path = CeremonyHome.storyboard; sourceTree = "<group>"; };
		25B282141FFB847900E24B9F /* CeremonyListViewController.swift */ = {isa = PBXFileReference; lastKnownFileType = sourcecode.swift; path = CeremonyListViewController.swift; sourceTree = "<group>"; };
		25B282161FFB84A500E24B9F /* CeremonyListTableViewCell.swift */ = {isa = PBXFileReference; lastKnownFileType = sourcecode.swift; path = CeremonyListTableViewCell.swift; sourceTree = "<group>"; };
		25B282181FFBCF0600E24B9F /* NoCeremonyListTableViewCell.swift */ = {isa = PBXFileReference; lastKnownFileType = sourcecode.swift; path = NoCeremonyListTableViewCell.swift; sourceTree = "<group>"; };
		25B2821A1FFBCF5700E24B9F /* CeremonyApi.swift */ = {isa = PBXFileReference; lastKnownFileType = sourcecode.swift; path = CeremonyApi.swift; sourceTree = "<group>"; };
		25B2821D1FFFB62600E24B9F /* CeremonyMyBrideMainViewController.swift */ = {isa = PBXFileReference; lastKnownFileType = sourcecode.swift; path = CeremonyMyBrideMainViewController.swift; sourceTree = "<group>"; };
		25B282202000E8E800E24B9F /* MyBrideBasicInfoCollectionViewCell.swift */ = {isa = PBXFileReference; lastKnownFileType = sourcecode.swift; path = MyBrideBasicInfoCollectionViewCell.swift; sourceTree = "<group>"; };
		25B282222000E95400E24B9F /* MyBrideHoldingInfoCollectionViewCell.swift */ = {isa = PBXFileReference; lastKnownFileType = sourcecode.swift; path = MyBrideHoldingInfoCollectionViewCell.swift; sourceTree = "<group>"; };
		25B282242000E99500E24B9F /* MyBrideReceptionHoldingInfoCollectionViewCell.swift */ = {isa = PBXFileReference; lastKnownFileType = sourcecode.swift; path = MyBrideReceptionHoldingInfoCollectionViewCell.swift; sourceTree = "<group>"; };
		25B282262000E9AE00E24B9F /* MyBrideSecReceptionHoldingInfoCollectionViewCell.swift */ = {isa = PBXFileReference; lastKnownFileType = sourcecode.swift; path = MyBrideSecReceptionHoldingInfoCollectionViewCell.swift; sourceTree = "<group>"; };
		25B2822820010CF900E24B9F /* NoBrideViewController.swift */ = {isa = PBXFileReference; lastKnownFileType = sourcecode.swift; path = NoBrideViewController.swift; sourceTree = "<group>"; };
		25B2822A2002306400E24B9F /* CeremonyListTabBarController.swift */ = {isa = PBXFileReference; lastKnownFileType = sourcecode.swift; path = CeremonyListTabBarController.swift; sourceTree = "<group>"; };
		25B2822D2003041700E24B9F /* textField.swift */ = {isa = PBXFileReference; lastKnownFileType = sourcecode.swift; path = textField.swift; sourceTree = "<group>"; };
		25B2F7FA1F8E5C6100DF599B /* CoupleCreateConfUserViewController.swift */ = {isa = PBXFileReference; lastKnownFileType = sourcecode.swift; path = CoupleCreateConfUserViewController.swift; sourceTree = "<group>"; };
		25B2F7FC1F8E5CE900DF599B /* HomeTabBarController.swift */ = {isa = PBXFileReference; lastKnownFileType = sourcecode.swift; path = HomeTabBarController.swift; sourceTree = "<group>"; };
		25B2F7FE1F8FB4F400DF599B /* CoupleApi.swift */ = {isa = PBXFileReference; lastKnownFileType = sourcecode.swift; path = CoupleApi.swift; sourceTree = "<group>"; };
		25B2F8001F91092E00DF599B /* CoupleMainViewController.swift */ = {isa = PBXFileReference; lastKnownFileType = sourcecode.swift; path = CoupleMainViewController.swift; sourceTree = "<group>"; };
		25B2F8021F921E4600DF599B /* HomeCollectionViewController.swift */ = {isa = PBXFileReference; lastKnownFileType = sourcecode.swift; path = HomeCollectionViewController.swift; sourceTree = "<group>"; };
		25B2F8041F92464F00DF599B /* HomeCollectionViewCell.swift */ = {isa = PBXFileReference; lastKnownFileType = sourcecode.swift; path = HomeCollectionViewCell.swift; sourceTree = "<group>"; };
		25B2F8061F9578DA00DF599B /* UserApi.swift */ = {isa = PBXFileReference; lastKnownFileType = sourcecode.swift; path = UserApi.swift; sourceTree = "<group>"; };
		25B9AE211FFA367A00B30A3B /* CoupleCreateResAnswerViewController.swift */ = {isa = PBXFileReference; lastKnownFileType = sourcecode.swift; path = CoupleCreateResAnswerViewController.swift; sourceTree = "<group>"; };
		25BDBC761FD26F7C00CDFE86 /* CoupleCreateInfoViewController.swift */ = {isa = PBXFileReference; lastKnownFileType = sourcecode.swift; path = CoupleCreateInfoViewController.swift; sourceTree = "<group>"; };
		25BDDE171FB8AC05005DA540 /* CoupleAlbumTableViewCell.swift */ = {isa = PBXFileReference; lastKnownFileType = sourcecode.swift; path = CoupleAlbumTableViewCell.swift; sourceTree = "<group>"; };
		25BDDE191FB8AEB2005DA540 /* CoupleAlbumApi.swift */ = {isa = PBXFileReference; lastKnownFileType = sourcecode.swift; path = CoupleAlbumApi.swift; sourceTree = "<group>"; };
		25BDDE1B1FBC8C21005DA540 /* CoupleAlbumCreateViewController.swift */ = {isa = PBXFileReference; lastKnownFileType = sourcecode.swift; path = CoupleAlbumCreateViewController.swift; sourceTree = "<group>"; };
		25C1ED401FA8CEA80096738B /* CoupleScheduleCreateViewController.swift */ = {isa = PBXFileReference; lastKnownFileType = sourcecode.swift; path = CoupleScheduleCreateViewController.swift; sourceTree = "<group>"; };
		25C76C191FC1110300EFD5A5 /* CoupleAlbumDetailViewController.swift */ = {isa = PBXFileReference; lastKnownFileType = sourcecode.swift; path = CoupleAlbumDetailViewController.swift; sourceTree = "<group>"; };
		25C76C1B1FC119DC00EFD5A5 /* CoupleAlbumDetailCollectionViewCell.swift */ = {isa = PBXFileReference; lastKnownFileType = sourcecode.swift; path = CoupleAlbumDetailCollectionViewCell.swift; sourceTree = "<group>"; };
		25C76C1D1FC19EEA00EFD5A5 /* CoupleAlbumImageCreateViewController.swift */ = {isa = PBXFileReference; lastKnownFileType = sourcecode.swift; path = CoupleAlbumImageCreateViewController.swift; sourceTree = "<group>"; };
		25C76C201FC317CB00EFD5A5 /* Cloudinary.framework */ = {isa = PBXFileReference; explicitFileType = wrapper.framework; path = Cloudinary.framework; sourceTree = BUILT_PRODUCTS_DIR; };
		25C8DD7F1FADC6A30094E571 /* CoupleScheduleApi.swift */ = {isa = PBXFileReference; lastKnownFileType = sourcecode.swift; path = CoupleScheduleApi.swift; sourceTree = "<group>"; };
		25C8DD811FB3529B0094E571 /* CoupleScheduleDetailViewController.swift */ = {isa = PBXFileReference; lastKnownFileType = sourcecode.swift; path = CoupleScheduleDetailViewController.swift; sourceTree = "<group>"; };
		25DCC4D01FD2C45400ABCCB0 /* HomeTabViewController.swift */ = {isa = PBXFileReference; lastKnownFileType = sourcecode.swift; path = HomeTabViewController.swift; sourceTree = "<group>"; };
		25DCC4D21FD3034900ABCCB0 /* UserInfoEdit.storyboard */ = {isa = PBXFileReference; lastKnownFileType = file.storyboard; path = UserInfoEdit.storyboard; sourceTree = "<group>"; };
		25DCC4D61FD3E3CF00ABCCB0 /* UserProfileMainViewController.swift */ = {isa = PBXFileReference; lastKnownFileType = sourcecode.swift; path = UserProfileMainViewController.swift; sourceTree = "<group>"; };
		25DCC4D91FD3EDFA00ABCCB0 /* BasicProfileView.swift */ = {isa = PBXFileReference; lastKnownFileType = sourcecode.swift; path = BasicProfileView.swift; sourceTree = "<group>"; };
		25DCC4DC1FD4633100ABCCB0 /* profileBasicViewController.swift */ = {isa = PBXFileReference; lastKnownFileType = sourcecode.swift; path = profileBasicViewController.swift; sourceTree = "<group>"; };
		25DCC4DE1FD4647A00ABCCB0 /* UserNameImageTableViewCell.swift */ = {isa = PBXFileReference; lastKnownFileType = sourcecode.swift; path = UserNameImageTableViewCell.swift; sourceTree = "<group>"; };
		25DCC4E01FD4653900ABCCB0 /* BirthdayTableViewCell.swift */ = {isa = PBXFileReference; lastKnownFileType = sourcecode.swift; path = BirthdayTableViewCell.swift; sourceTree = "<group>"; };
		25DCC4E21FD4658300ABCCB0 /* BloodTypeTableViewCell.swift */ = {isa = PBXFileReference; lastKnownFileType = sourcecode.swift; path = BloodTypeTableViewCell.swift; sourceTree = "<group>"; };
		25DCC4E41FD4659400ABCCB0 /* BirthPlaceTableViewCell.swift */ = {isa = PBXFileReference; lastKnownFileType = sourcecode.swift; path = BirthPlaceTableViewCell.swift; sourceTree = "<group>"; };
		25DCC4E61FD465A400ABCCB0 /* UniversityTableViewCell.swift */ = {isa = PBXFileReference; lastKnownFileType = sourcecode.swift; path = UniversityTableViewCell.swift; sourceTree = "<group>"; };
		25DCC4E81FD465C200ABCCB0 /* ProposeTableViewCell.swift */ = {isa = PBXFileReference; lastKnownFileType = sourcecode.swift; path = ProposeTableViewCell.swift; sourceTree = "<group>"; };
		25ECD67B1FCF0AD500402304 /* CreateCouple.storyboard */ = {isa = PBXFileReference; lastKnownFileType = file.storyboard; path = CreateCouple.storyboard; sourceTree = "<group>"; };
		25F017CE2004F7790063C125 /* CeremonyMyBrideBasicInfoCreateViewController.swift */ = {isa = PBXFileReference; lastKnownFileType = sourcecode.swift; path = CeremonyMyBrideBasicInfoCreateViewController.swift; sourceTree = "<group>"; };
		25F017D3200CE8C40063C125 /* CeremonyInvitationMainViewController.swift */ = {isa = PBXFileReference; lastKnownFileType = sourcecode.swift; path = CeremonyInvitationMainViewController.swift; sourceTree = "<group>"; };
		25F017D8200D0F710063C125 /* MyBridalInviListViewController.swift */ = {isa = PBXFileReference; lastKnownFileType = sourcecode.swift; path = MyBridalInviListViewController.swift; sourceTree = "<group>"; };
		25F017DA200F915F0063C125 /* MyBridalInvTableViewCell.swift */ = {isa = PBXFileReference; lastKnownFileType = sourcecode.swift; path = MyBridalInvTableViewCell.swift; sourceTree = "<group>"; };
		25F017DC200F91CC0063C125 /* NoDataTableViewCell.swift */ = {isa = PBXFileReference; lastKnownFileType = sourcecode.swift; path = NoDataTableViewCell.swift; sourceTree = "<group>"; };
		25F017DF2010DF580063C125 /* InviteUserListViewController.swift */ = {isa = PBXFileReference; lastKnownFileType = sourcecode.swift; path = InviteUserListViewController.swift; sourceTree = "<group>"; };
		25F017E12010F0210063C125 /* InviteUserListTableViewCell.swift */ = {isa = PBXFileReference; lastKnownFileType = sourcecode.swift; path = InviteUserListTableViewCell.swift; sourceTree = "<group>"; };
		25F017E420145C830063C125 /* InviteUsersDetailInfoViewController.swift */ = {isa = PBXFileReference; lastKnownFileType = sourcecode.swift; path = InviteUsersDetailInfoViewController.swift; sourceTree = "<group>"; };
		25F017E62014700F0063C125 /* InviteUserDetailBasicTableViewCell.swift */ = {isa = PBXFileReference; lastKnownFileType = sourcecode.swift; path = InviteUserDetailBasicTableViewCell.swift; sourceTree = "<group>"; };
		25F017E8201470E30063C125 /* InviteUserDetailPhotoTableViewCell.swift */ = {isa = PBXFileReference; lastKnownFileType = sourcecode.swift; path = InviteUserDetailPhotoTableViewCell.swift; sourceTree = "<group>"; };
		25F017EA2014F3CD0063C125 /* CeremonyPhotoApi.swift */ = {isa = PBXFileReference; lastKnownFileType = sourcecode.swift; path = CeremonyPhotoApi.swift; sourceTree = "<group>"; };
		25F017EC201613820063C125 /* GOEN-Bridging-Header.h */ = {isa = PBXFileReference; lastKnownFileType = sourcecode.c.h; path = "GOEN-Bridging-Header.h"; sourceTree = "<group>"; };
		25F017ED201613820063C125 /* dummy.m */ = {isa = PBXFileReference; lastKnownFileType = sourcecode.c.objc; path = dummy.m; sourceTree = "<group>"; };
		25F017F12018EBC90063C125 /* InvitedMainListViewController.swift */ = {isa = PBXFileReference; lastKnownFileType = sourcecode.swift; path = InvitedMainListViewController.swift; sourceTree = "<group>"; };
		25F017F32018F3B30063C125 /* InvitedMainListTableViewCell.swift */ = {isa = PBXFileReference; lastKnownFileType = sourcecode.swift; path = InvitedMainListTableViewCell.swift; sourceTree = "<group>"; };
		25F130F02020D349000DE3E1 /* CeremonyMessageListViewController.swift */ = {isa = PBXFileReference; lastKnownFileType = sourcecode.swift; path = CeremonyMessageListViewController.swift; sourceTree = "<group>"; };
		25F130F220220307000DE3E1 /* CeremonyMessageCollectionViewCell.swift */ = {isa = PBXFileReference; lastKnownFileType = sourcecode.swift; path = CeremonyMessageCollectionViewCell.swift; sourceTree = "<group>"; };
		25F130F42025BBB4000DE3E1 /* CeremonyMessageListHeaderCollectionViewCell.swift */ = {isa = PBXFileReference; lastKnownFileType = sourcecode.swift; path = CeremonyMessageListHeaderCollectionViewCell.swift; sourceTree = "<group>"; };
		25F130F72025F082000DE3E1 /* CreateMessageViewController.swift */ = {isa = PBXFileReference; lastKnownFileType = sourcecode.swift; path = CreateMessageViewController.swift; sourceTree = "<group>"; };
		374E2175F324F3A0D5E00FEB /* Pods-GOEN.release.xcconfig */ = {isa = PBXFileReference; includeInIndex = 1; lastKnownFileType = text.xcconfig; name = "Pods-GOEN.release.xcconfig"; path = "Pods/Target Support Files/Pods-GOEN/Pods-GOEN.release.xcconfig"; sourceTree = "<group>"; };
		5FF1EEE5C4C21F8ADEF57203 /* Pods-GOENTests.release.xcconfig */ = {isa = PBXFileReference; includeInIndex = 1; lastKnownFileType = text.xcconfig; name = "Pods-GOENTests.release.xcconfig"; path = "Pods/Target Support Files/Pods-GOENTests/Pods-GOENTests.release.xcconfig"; sourceTree = "<group>"; };
		837D5CD73E064F5182DCD471 /* Pods_GOEN.framework */ = {isa = PBXFileReference; explicitFileType = wrapper.framework; includeInIndex = 0; path = Pods_GOEN.framework; sourceTree = BUILT_PRODUCTS_DIR; };
		8C21BE6A85E5C2CC859599E7 /* Pods-GOENTests.debug.xcconfig */ = {isa = PBXFileReference; includeInIndex = 1; lastKnownFileType = text.xcconfig; name = "Pods-GOENTests.debug.xcconfig"; path = "Pods/Target Support Files/Pods-GOENTests/Pods-GOENTests.debug.xcconfig"; sourceTree = "<group>"; };
		8CAFB791DEC0B7CDEB03FE65 /* Pods_GOENTests.framework */ = {isa = PBXFileReference; explicitFileType = wrapper.framework; includeInIndex = 0; path = Pods_GOENTests.framework; sourceTree = BUILT_PRODUCTS_DIR; };
		D33196135F617949402D763E /* Pods-GOENUITests.debug.xcconfig */ = {isa = PBXFileReference; includeInIndex = 1; lastKnownFileType = text.xcconfig; name = "Pods-GOENUITests.debug.xcconfig"; path = "Pods/Target Support Files/Pods-GOENUITests/Pods-GOENUITests.debug.xcconfig"; sourceTree = "<group>"; };
		D57DDE0B278E91EE783F9EF3 /* Pods-GOEN.debug.xcconfig */ = {isa = PBXFileReference; includeInIndex = 1; lastKnownFileType = text.xcconfig; name = "Pods-GOEN.debug.xcconfig"; path = "Pods/Target Support Files/Pods-GOEN/Pods-GOEN.debug.xcconfig"; sourceTree = "<group>"; };
		EE9D0AEA415220EDDBF591C8 /* Pods-GOENUITests.release.xcconfig */ = {isa = PBXFileReference; includeInIndex = 1; lastKnownFileType = text.xcconfig; name = "Pods-GOENUITests.release.xcconfig"; path = "Pods/Target Support Files/Pods-GOENUITests/Pods-GOENUITests.release.xcconfig"; sourceTree = "<group>"; };
/* End PBXFileReference section */

/* Begin PBXFrameworksBuildPhase section */
		251EA8661F8AFDAD003805F7 /* Frameworks */ = {
			isa = PBXFrameworksBuildPhase;
			buildActionMask = 2147483647;
			files = (
				25C76C1F1FC317CB00EFD5A5 /* Cloudinary.framework in Frameworks */,
				251EA8C31F8CBF86003805F7 /* SVProgressHUD.framework in Frameworks */,
				251EA8BE1F8B9D75003805F7 /* Alamofire.framework in Frameworks */,
				251EA8A31F8B9B21003805F7 /* SwiftyJSON.framework in Frameworks */,
				7EFE3A23E161BC17CB8F020E /* Pods_GOEN.framework in Frameworks */,
			);
			runOnlyForDeploymentPostprocessing = 0;
		};
		251EA87A1F8AFDAD003805F7 /* Frameworks */ = {
			isa = PBXFrameworksBuildPhase;
			buildActionMask = 2147483647;
			files = (
				A5267EA1A9EEA6F7F9834A43 /* Pods_GOENTests.framework in Frameworks */,
			);
			runOnlyForDeploymentPostprocessing = 0;
		};
		251EA8851F8AFDAD003805F7 /* Frameworks */ = {
			isa = PBXFrameworksBuildPhase;
			buildActionMask = 2147483647;
			files = (
				F0632D962ABA905C05E46074 /* Pods_GOENUITests.framework in Frameworks */,
			);
			runOnlyForDeploymentPostprocessing = 0;
		};
/* End PBXFrameworksBuildPhase section */

/* Begin PBXGroup section */
		2512C3A51FA625A100B2BDFE /* schedule */ = {
			isa = PBXGroup;
			children = (
				2512C3A71FA625F400B2BDFE /* CoupleScheduleViewController.swift */,
				2512C3AB1FA8BA9C00B2BDFE /* CoupleScheduleTableViewCell.swift */,
				25C1ED401FA8CEA80096738B /* CoupleScheduleCreateViewController.swift */,
				25C8DD811FB3529B0094E571 /* CoupleScheduleDetailViewController.swift */,
			);
			path = schedule;
			sourceTree = "<group>";
		};
		2512C3A61FA625CA00B2BDFE /* album */ = {
			isa = PBXGroup;
			children = (
				2512C3A91FA6263600B2BDFE /* CoupleAlbumViewController.swift */,
				25BDDE171FB8AC05005DA540 /* CoupleAlbumTableViewCell.swift */,
				25BDDE1B1FBC8C21005DA540 /* CoupleAlbumCreateViewController.swift */,
				25C76C191FC1110300EFD5A5 /* CoupleAlbumDetailViewController.swift */,
				25C76C1B1FC119DC00EFD5A5 /* CoupleAlbumDetailCollectionViewCell.swift */,
				25C76C1D1FC19EEA00EFD5A5 /* CoupleAlbumImageCreateViewController.swift */,
			);
			path = album;
			sourceTree = "<group>";
		};
		251EA8601F8AFDAD003805F7 = {
			isa = PBXGroup;
			children = (
				251EA86B1F8AFDAD003805F7 /* GOEN */,
				251EA8801F8AFDAD003805F7 /* GOENTests */,
				251EA88B1F8AFDAD003805F7 /* GOENUITests */,
				251EA86A1F8AFDAD003805F7 /* Products */,
				94C0ED97E201DED84AB00810 /* Frameworks */,
				F20296AC1CF1AD55817CF5C1 /* Pods */,
			);
			sourceTree = "<group>";
		};
		251EA86A1F8AFDAD003805F7 /* Products */ = {
			isa = PBXGroup;
			children = (
				251EA8691F8AFDAD003805F7 /* GOEN.app */,
				251EA87D1F8AFDAD003805F7 /* GOENTests.xctest */,
				251EA8881F8AFDAD003805F7 /* GOENUITests.xctest */,
			);
			name = Products;
			sourceTree = "<group>";
		};
		251EA86B1F8AFDAD003805F7 /* GOEN */ = {
			isa = PBXGroup;
			children = (
				25B2822C200303FB00E24B9F /* common */,
				25B282101FFA8B9600E24B9F /* ceremony */,
				25DCC4D41FD3E39300ABCCB0 /* userProfile */,
				25B2F7F91F8E5C3E00DF599B /* couple */,
				251EA8C51F8CCE4A003805F7 /* home */,
				251EA8A51F8B9CB4003805F7 /* API */,
				251EA89C1F8B2E2B003805F7 /* Auth */,
				251EA86C1F8AFDAD003805F7 /* AppDelegate.swift */,
				251EA86E1F8AFDAD003805F7 /* ViewController.swift */,
				251EA89A1F8AFEB7003805F7 /* Auth.storyboard */,
				251EA8731F8AFDAD003805F7 /* Assets.xcassets */,
				251EA8751F8AFDAD003805F7 /* LaunchScreen.storyboard */,
				251EA8781F8AFDAD003805F7 /* Info.plist */,
				251266751FA2307F003C65D4 /* ShowCouple.storyboard */,
				25ECD67B1FCF0AD500402304 /* CreateCouple.storyboard */,
				25DCC4D21FD3034900ABCCB0 /* UserInfoEdit.storyboard */,
				255BBCEA1FF8D1D200DE22E6 /* CoupleCreateRes.storyboard */,
				25B282121FFA8F1A00E24B9F /* CeremonyHome.storyboard */,
				25F017ED201613820063C125 /* dummy.m */,
				25F017EC201613820063C125 /* GOEN-Bridging-Header.h */,
			);
			path = GOEN;
			sourceTree = "<group>";
		};
		251EA8801F8AFDAD003805F7 /* GOENTests */ = {
			isa = PBXGroup;
			children = (
				251EA8811F8AFDAD003805F7 /* GOENTests.swift */,
				251EA8831F8AFDAD003805F7 /* Info.plist */,
			);
			path = GOENTests;
			sourceTree = "<group>";
		};
		251EA88B1F8AFDAD003805F7 /* GOENUITests */ = {
			isa = PBXGroup;
			children = (
				251EA88C1F8AFDAD003805F7 /* GOENUITests.swift */,
				251EA88E1F8AFDAD003805F7 /* Info.plist */,
			);
			path = GOENUITests;
			sourceTree = "<group>";
		};
		251EA89C1F8B2E2B003805F7 /* Auth */ = {
			isa = PBXGroup;
			children = (
				251EA89D1F8B2E51003805F7 /* SignInViewController.swift */,
				251EA89F1F8B4307003805F7 /* SignUpViewController.swift */,
			);
			path = Auth;
			sourceTree = "<group>";
		};
		251EA8A51F8B9CB4003805F7 /* API */ = {
			isa = PBXGroup;
			children = (
				251EA8A71F8B9CDB003805F7 /* AuthApi.swift */,
				25B2F7FE1F8FB4F400DF599B /* CoupleApi.swift */,
				25B2F8061F9578DA00DF599B /* UserApi.swift */,
				25C8DD7F1FADC6A30094E571 /* CoupleScheduleApi.swift */,
				25BDDE191FB8AEB2005DA540 /* CoupleAlbumApi.swift */,
				253F67711FD97F2D004CEF07 /* ProfileApi.swift */,
				25B2821A1FFBCF5700E24B9F /* CeremonyApi.swift */,
				25F017EA2014F3CD0063C125 /* CeremonyPhotoApi.swift */,
			);
			path = API;
			sourceTree = "<group>";
		};
		251EA8A91F8B9D6B003805F7 /* Alamofire */ = {
			isa = PBXGroup;
			children = (
				251EA8AA1F8B9D6B003805F7 /* LICENSE */,
				251EA8AB1F8B9D6B003805F7 /* README.md */,
				251EA8AC1F8B9D6B003805F7 /* Source */,
			);
			name = Alamofire;
			path = Pods/Alamofire;
			sourceTree = "<group>";
		};
		251EA8AC1F8B9D6B003805F7 /* Source */ = {
			isa = PBXGroup;
			children = (
				251EA8AD1F8B9D6B003805F7 /* AFError.swift */,
				251EA8AE1F8B9D6B003805F7 /* Alamofire.swift */,
				251EA8AF1F8B9D6B003805F7 /* DispatchQueue+Alamofire.swift */,
				251EA8B01F8B9D6B003805F7 /* MultipartFormData.swift */,
				251EA8B11F8B9D6B003805F7 /* NetworkReachabilityManager.swift */,
				251EA8B21F8B9D6B003805F7 /* Notifications.swift */,
				251EA8B31F8B9D6B003805F7 /* ParameterEncoding.swift */,
				251EA8B41F8B9D6B003805F7 /* Request.swift */,
				251EA8B51F8B9D6B003805F7 /* Response.swift */,
				251EA8B61F8B9D6B003805F7 /* ResponseSerialization.swift */,
				251EA8B71F8B9D6B003805F7 /* Result.swift */,
				251EA8B81F8B9D6B003805F7 /* ServerTrustPolicy.swift */,
				251EA8B91F8B9D6B003805F7 /* SessionDelegate.swift */,
				251EA8BA1F8B9D6B003805F7 /* SessionManager.swift */,
				251EA8BB1F8B9D6B003805F7 /* TaskDelegate.swift */,
				251EA8BC1F8B9D6B003805F7 /* Timeline.swift */,
				251EA8BD1F8B9D6B003805F7 /* Validation.swift */,
			);
			path = Source;
			sourceTree = "<group>";
		};
		251EA8C51F8CCE4A003805F7 /* home */ = {
			isa = PBXGroup;
			children = (
				252DE0882020AB840026B243 /* main */,
				251EA8C61F8CCE6E003805F7 /* HomeViewController.swift */,
				25B2F7FC1F8E5CE900DF599B /* HomeTabBarController.swift */,
				25B2F8021F921E4600DF599B /* HomeCollectionViewController.swift */,
				25B2F8041F92464F00DF599B /* HomeCollectionViewCell.swift */,
				2512666B1F98DB67003C65D4 /* ServiceViewController.swift */,
				2512666F1F98E6F0003C65D4 /* ServiceCollectionViewCell.swift */,
				251266711F98E710003C65D4 /* ServiceCollectionReusableView.swift */,
				25DCC4D01FD2C45400ABCCB0 /* HomeTabViewController.swift */,
			);
			path = home;
			sourceTree = "<group>";
		};
		25214B692031BB4C00D27AC3 /* detail */ = {
			isa = PBXGroup;
			children = (
				25214B782034904900D27AC3 /* create */,
				25214B6A2031BB8200D27AC3 /* UserProfileDetailInfoViewController.swift */,
				25214B6C2031F28D00D27AC3 /* CreateBookListViewController.swift */,
				25214B6E2031F3A600D27AC3 /* CreateHobyListViewController.swift */,
				25214B702031F3D500D27AC3 /* CreateFoodListViewController.swift */,
				25214B722031F3E700D27AC3 /* CreateRestaurantListViewController.swift */,
				25214B742031F3F500D27AC3 /* CreateSongListViewController.swift */,
				25214B762031F40300D27AC3 /* CreateRingListViewController.swift */,
			);
			path = detail;
			sourceTree = "<group>";
		};
		25214B782034904900D27AC3 /* create */ = {
			isa = PBXGroup;
			children = (
				25214B792034935700D27AC3 /* CreateBookViewController.swift */,
				25214B7B2035BD8300D27AC3 /* CreateHobyViewController.swift */,
				25214B7D2035BD9200D27AC3 /* CreateFoodViewController.swift */,
				25214B7F2035BDAB00D27AC3 /* CreateRestaurantViewController.swift */,
				25214B812035BDBB00D27AC3 /* CreateSongViewController.swift */,
				25214B832035BE1400D27AC3 /* CreateRingViewController.swift */,
			);
			path = create;
			sourceTree = "<group>";
		};
		252DE0882020AB840026B243 /* main */ = {
			isa = PBXGroup;
			children = (
				252DE0892020AC4D0026B243 /* NewsFeedViewController.swift */,
			);
			path = main;
			sourceTree = "<group>";
		};
		2553CEEF1FCC42D50097B8DE /* edit */ = {
			isa = PBXGroup;
			children = (
				2553CEF01FCC42ED0097B8DE /* CoupleEditViewController.swift */,
			);
			path = edit;
			sourceTree = "<group>";
		};
		259C93041FDD549D004C0F06 /* edit */ = {
			isa = PBXGroup;
			children = (
				259C93051FDD54D8004C0F06 /* UserProfileEdit1ViewController.swift */,
				259C93071FDEDC86004C0F06 /* UserProfileEdit2ViewController.swift */,
				259C93091FDEDC95004C0F06 /* UserProfileEdit3ViewController.swift */,
				259C930B1FDEDCB2004C0F06 /* UserProfileEdit4ViewController.swift */,
				259C938B1FE2D4EA004C0F06 /* UserProfileEdit5ViewController.swift */,
			);
			path = edit;
			sourceTree = "<group>";
		};
		25B282101FFA8B9600E24B9F /* ceremony */ = {
			isa = PBXGroup;
			children = (
				25F130EF2020D32D000DE3E1 /* message */,
				25F017EF2018EA750063C125 /* invited */,
				25F017D1200CE8920063C125 /* invitation */,
				25B2821C1FFFB5F200E24B9F /* mybride */,
				25B282111FFA8BA900E24B9F /* home */,
			);
			path = ceremony;
			sourceTree = "<group>";
		};
		25B282111FFA8BA900E24B9F /* home */ = {
			isa = PBXGroup;
			children = (
				25B282141FFB847900E24B9F /* CeremonyListViewController.swift */,
				25B282161FFB84A500E24B9F /* CeremonyListTableViewCell.swift */,
				25B282181FFBCF0600E24B9F /* NoCeremonyListTableViewCell.swift */,
			);
			path = home;
			sourceTree = "<group>";
		};
		25B2821C1FFFB5F200E24B9F /* mybride */ = {
			isa = PBXGroup;
			children = (
				25F017D02004FE9A0063C125 /* edit */,
				25B2821F2000DB3400E24B9F /* mybrideCell */,
				25B2821D1FFFB62600E24B9F /* CeremonyMyBrideMainViewController.swift */,
				25B2822A2002306400E24B9F /* CeremonyListTabBarController.swift */,
			);
			path = mybride;
			sourceTree = "<group>";
		};
		25B2821F2000DB3400E24B9F /* mybrideCell */ = {
			isa = PBXGroup;
			children = (
				25B282202000E8E800E24B9F /* MyBrideBasicInfoCollectionViewCell.swift */,
				25B282222000E95400E24B9F /* MyBrideHoldingInfoCollectionViewCell.swift */,
				25B282242000E99500E24B9F /* MyBrideReceptionHoldingInfoCollectionViewCell.swift */,
				25B282262000E9AE00E24B9F /* MyBrideSecReceptionHoldingInfoCollectionViewCell.swift */,
				25B2822820010CF900E24B9F /* NoBrideViewController.swift */,
			);
			path = mybrideCell;
			sourceTree = "<group>";
		};
		25B2822C200303FB00E24B9F /* common */ = {
			isa = PBXGroup;
			children = (
				25B2822D2003041700E24B9F /* textField.swift */,
			);
			path = common;
			sourceTree = "<group>";
		};
		25B2F7F91F8E5C3E00DF599B /* couple */ = {
			isa = PBXGroup;
			children = (
				25BDBC751FD0630E00CDFE86 /* create */,
				2553CEEF1FCC42D50097B8DE /* edit */,
				2512C3A61FA625CA00B2BDFE /* album */,
				2512C3A51FA625A100B2BDFE /* schedule */,
				25B2F8001F91092E00DF599B /* CoupleMainViewController.swift */,
			);
			path = couple;
			sourceTree = "<group>";
		};
		25BDBC751FD0630E00CDFE86 /* create */ = {
			isa = PBXGroup;
			children = (
				25B2F7FA1F8E5C6100DF599B /* CoupleCreateConfUserViewController.swift */,
				25BDBC761FD26F7C00CDFE86 /* CoupleCreateInfoViewController.swift */,
				255BBCEC1FF8EEC900DE22E6 /* CoupleCreateResViewController.swift */,
				25B9AE211FFA367A00B30A3B /* CoupleCreateResAnswerViewController.swift */,
			);
			path = create;
			sourceTree = "<group>";
		};
		25DCC4D41FD3E39300ABCCB0 /* userProfile */ = {
			isa = PBXGroup;
			children = (
				25DCC4D81FD3E4E300ABCCB0 /* main */,
			);
			path = userProfile;
			sourceTree = "<group>";
		};
		25DCC4D81FD3E4E300ABCCB0 /* main */ = {
			isa = PBXGroup;
			children = (
				25214B692031BB4C00D27AC3 /* detail */,
				259C93041FDD549D004C0F06 /* edit */,
				25DCC4DB1FD40FD100ABCCB0 /* card */,
				25DCC4D61FD3E3CF00ABCCB0 /* UserProfileMainViewController.swift */,
				25DCC4D91FD3EDFA00ABCCB0 /* BasicProfileView.swift */,
			);
			path = main;
			sourceTree = "<group>";
		};
		25DCC4DB1FD40FD100ABCCB0 /* card */ = {
			isa = PBXGroup;
			children = (
				25DCC4DC1FD4633100ABCCB0 /* profileBasicViewController.swift */,
				25DCC4DE1FD4647A00ABCCB0 /* UserNameImageTableViewCell.swift */,
				25DCC4E01FD4653900ABCCB0 /* BirthdayTableViewCell.swift */,
				25DCC4E21FD4658300ABCCB0 /* BloodTypeTableViewCell.swift */,
				25DCC4E41FD4659400ABCCB0 /* BirthPlaceTableViewCell.swift */,
				25DCC4E61FD465A400ABCCB0 /* UniversityTableViewCell.swift */,
				25DCC4E81FD465C200ABCCB0 /* ProposeTableViewCell.swift */,
			);
			path = card;
			sourceTree = "<group>";
		};
		25F017D02004FE9A0063C125 /* edit */ = {
			isa = PBXGroup;
			children = (
				25F017CE2004F7790063C125 /* CeremonyMyBrideBasicInfoCreateViewController.swift */,
			);
			path = edit;
			sourceTree = "<group>";
		};
		25F017D1200CE8920063C125 /* invitation */ = {
			isa = PBXGroup;
			children = (
				25F017DE2010DF250063C125 /* invite_user */,
				25F017D2200CE89C0063C125 /* mainList */,
			);
			path = invitation;
			sourceTree = "<group>";
		};
		25F017D2200CE89C0063C125 /* mainList */ = {
			isa = PBXGroup;
			children = (
				25F017D7200D0F2E0063C125 /* myBridalInviList */,
				25F017D3200CE8C40063C125 /* CeremonyInvitationMainViewController.swift */,
			);
			path = mainList;
			sourceTree = "<group>";
		};
		25F017D7200D0F2E0063C125 /* myBridalInviList */ = {
			isa = PBXGroup;
			children = (
				25F017D8200D0F710063C125 /* MyBridalInviListViewController.swift */,
				25F017DA200F915F0063C125 /* MyBridalInvTableViewCell.swift */,
				25F017DC200F91CC0063C125 /* NoDataTableViewCell.swift */,
			);
			path = myBridalInviList;
			sourceTree = "<group>";
		};
		25F017DE2010DF250063C125 /* invite_user */ = {
			isa = PBXGroup;
			children = (
				25F017E320145C580063C125 /* detail */,
				25F017DF2010DF580063C125 /* InviteUserListViewController.swift */,
				25F017E12010F0210063C125 /* InviteUserListTableViewCell.swift */,
			);
			path = invite_user;
			sourceTree = "<group>";
		};
		25F017E320145C580063C125 /* detail */ = {
			isa = PBXGroup;
			children = (
				25F017E420145C830063C125 /* InviteUsersDetailInfoViewController.swift */,
				25F017E62014700F0063C125 /* InviteUserDetailBasicTableViewCell.swift */,
				25F017E8201470E30063C125 /* InviteUserDetailPhotoTableViewCell.swift */,
			);
			path = detail;
			sourceTree = "<group>";
		};
		25F017EF2018EA750063C125 /* invited */ = {
			isa = PBXGroup;
			children = (
				25F017F02018EBA10063C125 /* mainList */,
			);
			path = invited;
			sourceTree = "<group>";
		};
		25F017F02018EBA10063C125 /* mainList */ = {
			isa = PBXGroup;
			children = (
				25F017F12018EBC90063C125 /* InvitedMainListViewController.swift */,
				25F017F32018F3B30063C125 /* InvitedMainListTableViewCell.swift */,
				2544BC1F201C509F00922FB3 /* NoDataInvitedTableViewCell.swift */,
			);
			path = mainList;
			sourceTree = "<group>";
		};
		25F130EF2020D32D000DE3E1 /* message */ = {
			isa = PBXGroup;
			children = (
				25F130F62025F064000DE3E1 /* create */,
				25F130F02020D349000DE3E1 /* CeremonyMessageListViewController.swift */,
				25F130F220220307000DE3E1 /* CeremonyMessageCollectionViewCell.swift */,
				25F130F42025BBB4000DE3E1 /* CeremonyMessageListHeaderCollectionViewCell.swift */,
			);
			path = message;
			sourceTree = "<group>";
		};
		25F130F62025F064000DE3E1 /* create */ = {
			isa = PBXGroup;
			children = (
				25F130F72025F082000DE3E1 /* CreateMessageViewController.swift */,
			);
			path = create;
			sourceTree = "<group>";
		};
		94C0ED97E201DED84AB00810 /* Frameworks */ = {
			isa = PBXGroup;
			children = (
				25C76C201FC317CB00EFD5A5 /* Cloudinary.framework */,
				251EA8C41F8CBF86003805F7 /* SVProgressHUD.framework */,
				251EA8BF1F8B9D75003805F7 /* Alamofire.framework */,
				251EA8A91F8B9D6B003805F7 /* Alamofire */,
				251EA8A41F8B9B21003805F7 /* SwiftyJSON.framework */,
				251EA8A21F8B9B19003805F7 /* Alamofire.framework */,
				837D5CD73E064F5182DCD471 /* Pods_GOEN.framework */,
				8CAFB791DEC0B7CDEB03FE65 /* Pods_GOENTests.framework */,
				020680F1DA2E6F838E0DA6A7 /* Pods_GOENUITests.framework */,
			);
			name = Frameworks;
			sourceTree = "<group>";
		};
		F20296AC1CF1AD55817CF5C1 /* Pods */ = {
			isa = PBXGroup;
			children = (
				D57DDE0B278E91EE783F9EF3 /* Pods-GOEN.debug.xcconfig */,
				374E2175F324F3A0D5E00FEB /* Pods-GOEN.release.xcconfig */,
				8C21BE6A85E5C2CC859599E7 /* Pods-GOENTests.debug.xcconfig */,
				5FF1EEE5C4C21F8ADEF57203 /* Pods-GOENTests.release.xcconfig */,
				D33196135F617949402D763E /* Pods-GOENUITests.debug.xcconfig */,
				EE9D0AEA415220EDDBF591C8 /* Pods-GOENUITests.release.xcconfig */,
			);
			name = Pods;
			sourceTree = "<group>";
		};
/* End PBXGroup section */

/* Begin PBXNativeTarget section */
		251EA8681F8AFDAD003805F7 /* GOEN */ = {
			isa = PBXNativeTarget;
			buildConfigurationList = 251EA8911F8AFDAD003805F7 /* Build configuration list for PBXNativeTarget "GOEN" */;
			buildPhases = (
				978160E7E92DB8BE9008E3BF /* [CP] Check Pods Manifest.lock */,
				251EA8651F8AFDAD003805F7 /* Sources */,
				251EA8661F8AFDAD003805F7 /* Frameworks */,
				251EA8671F8AFDAD003805F7 /* Resources */,
				69AFA4DA8FD143D2A90E9FCF /* [CP] Embed Pods Frameworks */,
				17F28DCBA1B484D80E8476A2 /* [CP] Copy Pods Resources */,
			);
			buildRules = (
			);
			dependencies = (
			);
			name = GOEN;
			productName = GOEN;
			productReference = 251EA8691F8AFDAD003805F7 /* GOEN.app */;
			productType = "com.apple.product-type.application";
		};
		251EA87C1F8AFDAD003805F7 /* GOENTests */ = {
			isa = PBXNativeTarget;
			buildConfigurationList = 251EA8941F8AFDAD003805F7 /* Build configuration list for PBXNativeTarget "GOENTests" */;
			buildPhases = (
				CD0844744F5C60E76EDDCA3B /* [CP] Check Pods Manifest.lock */,
				251EA8791F8AFDAD003805F7 /* Sources */,
				251EA87A1F8AFDAD003805F7 /* Frameworks */,
				251EA87B1F8AFDAD003805F7 /* Resources */,
				06CBD6437B9DD249A2EDCC3D /* [CP] Embed Pods Frameworks */,
				1A17D4E1D0D970A1E11818AB /* [CP] Copy Pods Resources */,
			);
			buildRules = (
			);
			dependencies = (
				251EA87F1F8AFDAD003805F7 /* PBXTargetDependency */,
			);
			name = GOENTests;
			productName = GOENTests;
			productReference = 251EA87D1F8AFDAD003805F7 /* GOENTests.xctest */;
			productType = "com.apple.product-type.bundle.unit-test";
		};
		251EA8871F8AFDAD003805F7 /* GOENUITests */ = {
			isa = PBXNativeTarget;
			buildConfigurationList = 251EA8971F8AFDAD003805F7 /* Build configuration list for PBXNativeTarget "GOENUITests" */;
			buildPhases = (
				B86FAB665DC002A0FFD3FF91 /* [CP] Check Pods Manifest.lock */,
				251EA8841F8AFDAD003805F7 /* Sources */,
				251EA8851F8AFDAD003805F7 /* Frameworks */,
				251EA8861F8AFDAD003805F7 /* Resources */,
				E1BD02E6A62D0D1855819955 /* [CP] Embed Pods Frameworks */,
				8A569FB510A9CC3EB7C238FA /* [CP] Copy Pods Resources */,
			);
			buildRules = (
			);
			dependencies = (
				251EA88A1F8AFDAD003805F7 /* PBXTargetDependency */,
			);
			name = GOENUITests;
			productName = GOENUITests;
			productReference = 251EA8881F8AFDAD003805F7 /* GOENUITests.xctest */;
			productType = "com.apple.product-type.bundle.ui-testing";
		};
/* End PBXNativeTarget section */

/* Begin PBXProject section */
		251EA8611F8AFDAD003805F7 /* Project object */ = {
			isa = PBXProject;
			attributes = {
				LastSwiftUpdateCheck = 0900;
				LastUpgradeCheck = 0900;
				ORGANIZATIONNAME = "木村猛";
				TargetAttributes = {
					251EA8681F8AFDAD003805F7 = {
						CreatedOnToolsVersion = 9.0;
						LastSwiftMigration = 0920;
						ProvisioningStyle = Automatic;
					};
					251EA87C1F8AFDAD003805F7 = {
						CreatedOnToolsVersion = 9.0;
						ProvisioningStyle = Automatic;
						TestTargetID = 251EA8681F8AFDAD003805F7;
					};
					251EA8871F8AFDAD003805F7 = {
						CreatedOnToolsVersion = 9.0;
						ProvisioningStyle = Automatic;
						TestTargetID = 251EA8681F8AFDAD003805F7;
					};
				};
			};
			buildConfigurationList = 251EA8641F8AFDAD003805F7 /* Build configuration list for PBXProject "GOEN" */;
			compatibilityVersion = "Xcode 8.0";
			developmentRegion = en;
			hasScannedForEncodings = 0;
			knownRegions = (
				en,
				Base,
			);
			mainGroup = 251EA8601F8AFDAD003805F7;
			productRefGroup = 251EA86A1F8AFDAD003805F7 /* Products */;
			projectDirPath = "";
			projectRoot = "";
			targets = (
				251EA8681F8AFDAD003805F7 /* GOEN */,
				251EA87C1F8AFDAD003805F7 /* GOENTests */,
				251EA8871F8AFDAD003805F7 /* GOENUITests */,
			);
		};
/* End PBXProject section */

/* Begin PBXResourcesBuildPhase section */
		251EA8671F8AFDAD003805F7 /* Resources */ = {
			isa = PBXResourcesBuildPhase;
			buildActionMask = 2147483647;
			files = (
				25ECD67C1FCF0AD500402304 /* CreateCouple.storyboard in Resources */,
				251EA89B1F8AFEB7003805F7 /* Auth.storyboard in Resources */,
				251EA8771F8AFDAD003805F7 /* LaunchScreen.storyboard in Resources */,
				251EA8741F8AFDAD003805F7 /* Assets.xcassets in Resources */,
				25B282131FFA8F1A00E24B9F /* CeremonyHome.storyboard in Resources */,
				25DCC4D31FD3034A00ABCCB0 /* UserInfoEdit.storyboard in Resources */,
				251266761FA2307F003C65D4 /* ShowCouple.storyboard in Resources */,
				255BBCEB1FF8D1D200DE22E6 /* CoupleCreateRes.storyboard in Resources */,
			);
			runOnlyForDeploymentPostprocessing = 0;
		};
		251EA87B1F8AFDAD003805F7 /* Resources */ = {
			isa = PBXResourcesBuildPhase;
			buildActionMask = 2147483647;
			files = (
			);
			runOnlyForDeploymentPostprocessing = 0;
		};
		251EA8861F8AFDAD003805F7 /* Resources */ = {
			isa = PBXResourcesBuildPhase;
			buildActionMask = 2147483647;
			files = (
			);
			runOnlyForDeploymentPostprocessing = 0;
		};
/* End PBXResourcesBuildPhase section */

/* Begin PBXShellScriptBuildPhase section */
		06CBD6437B9DD249A2EDCC3D /* [CP] Embed Pods Frameworks */ = {
			isa = PBXShellScriptBuildPhase;
			buildActionMask = 2147483647;
			files = (
			);
			inputPaths = (
			);
			name = "[CP] Embed Pods Frameworks";
			outputPaths = (
			);
			runOnlyForDeploymentPostprocessing = 0;
			shellPath = /bin/sh;
			shellScript = "\"${SRCROOT}/Pods/Target Support Files/Pods-GOENTests/Pods-GOENTests-frameworks.sh\"\n";
			showEnvVarsInLog = 0;
		};
		17F28DCBA1B484D80E8476A2 /* [CP] Copy Pods Resources */ = {
			isa = PBXShellScriptBuildPhase;
			buildActionMask = 2147483647;
			files = (
			);
			inputPaths = (
			);
			name = "[CP] Copy Pods Resources";
			outputPaths = (
			);
			runOnlyForDeploymentPostprocessing = 0;
			shellPath = /bin/sh;
			shellScript = "\"${SRCROOT}/Pods/Target Support Files/Pods-GOEN/Pods-GOEN-resources.sh\"\n";
			showEnvVarsInLog = 0;
		};
		1A17D4E1D0D970A1E11818AB /* [CP] Copy Pods Resources */ = {
			isa = PBXShellScriptBuildPhase;
			buildActionMask = 2147483647;
			files = (
			);
			inputPaths = (
			);
			name = "[CP] Copy Pods Resources";
			outputPaths = (
			);
			runOnlyForDeploymentPostprocessing = 0;
			shellPath = /bin/sh;
			shellScript = "\"${SRCROOT}/Pods/Target Support Files/Pods-GOENTests/Pods-GOENTests-resources.sh\"\n";
			showEnvVarsInLog = 0;
		};
		69AFA4DA8FD143D2A90E9FCF /* [CP] Embed Pods Frameworks */ = {
			isa = PBXShellScriptBuildPhase;
			buildActionMask = 2147483647;
			files = (
			);
			inputPaths = (
				"${SRCROOT}/Pods/Target Support Files/Pods-GOEN/Pods-GOEN-frameworks.sh",
				"${BUILT_PRODUCTS_DIR}/Alamofire/Alamofire.framework",
				"${BUILT_PRODUCTS_DIR}/Cloudinary/Cloudinary.framework",
				"${BUILT_PRODUCTS_DIR}/SDWebImage/SDWebImage.framework",
				"${BUILT_PRODUCTS_DIR}/SVProgressHUD/SVProgressHUD.framework",
				"${BUILT_PRODUCTS_DIR}/SwiftyJSON/SwiftyJSON.framework",
			);
			name = "[CP] Embed Pods Frameworks";
			outputPaths = (
				"${TARGET_BUILD_DIR}/${FRAMEWORKS_FOLDER_PATH}/Alamofire.framework",
				"${TARGET_BUILD_DIR}/${FRAMEWORKS_FOLDER_PATH}/Cloudinary.framework",
				"${TARGET_BUILD_DIR}/${FRAMEWORKS_FOLDER_PATH}/SDWebImage.framework",
				"${TARGET_BUILD_DIR}/${FRAMEWORKS_FOLDER_PATH}/SVProgressHUD.framework",
				"${TARGET_BUILD_DIR}/${FRAMEWORKS_FOLDER_PATH}/SwiftyJSON.framework",
			);
			runOnlyForDeploymentPostprocessing = 0;
			shellPath = /bin/sh;
			shellScript = "\"${SRCROOT}/Pods/Target Support Files/Pods-GOEN/Pods-GOEN-frameworks.sh\"\n";
			showEnvVarsInLog = 0;
		};
		8A569FB510A9CC3EB7C238FA /* [CP] Copy Pods Resources */ = {
			isa = PBXShellScriptBuildPhase;
			buildActionMask = 2147483647;
			files = (
			);
			inputPaths = (
			);
			name = "[CP] Copy Pods Resources";
			outputPaths = (
			);
			runOnlyForDeploymentPostprocessing = 0;
			shellPath = /bin/sh;
			shellScript = "\"${SRCROOT}/Pods/Target Support Files/Pods-GOENUITests/Pods-GOENUITests-resources.sh\"\n";
			showEnvVarsInLog = 0;
		};
		978160E7E92DB8BE9008E3BF /* [CP] Check Pods Manifest.lock */ = {
			isa = PBXShellScriptBuildPhase;
			buildActionMask = 2147483647;
			files = (
			);
			inputPaths = (
				"${PODS_PODFILE_DIR_PATH}/Podfile.lock",
				"${PODS_ROOT}/Manifest.lock",
			);
			name = "[CP] Check Pods Manifest.lock";
			outputPaths = (
				"$(DERIVED_FILE_DIR)/Pods-GOEN-checkManifestLockResult.txt",
			);
			runOnlyForDeploymentPostprocessing = 0;
			shellPath = /bin/sh;
			shellScript = "diff \"${PODS_PODFILE_DIR_PATH}/Podfile.lock\" \"${PODS_ROOT}/Manifest.lock\" > /dev/null\nif [ $? != 0 ] ; then\n    # print error to STDERR\n    echo \"error: The sandbox is not in sync with the Podfile.lock. Run 'pod install' or update your CocoaPods installation.\" >&2\n    exit 1\nfi\n# This output is used by Xcode 'outputs' to avoid re-running this script phase.\necho \"SUCCESS\" > \"${SCRIPT_OUTPUT_FILE_0}\"\n";
			showEnvVarsInLog = 0;
		};
		B86FAB665DC002A0FFD3FF91 /* [CP] Check Pods Manifest.lock */ = {
			isa = PBXShellScriptBuildPhase;
			buildActionMask = 2147483647;
			files = (
			);
			inputPaths = (
				"${PODS_PODFILE_DIR_PATH}/Podfile.lock",
				"${PODS_ROOT}/Manifest.lock",
			);
			name = "[CP] Check Pods Manifest.lock";
			outputPaths = (
				"$(DERIVED_FILE_DIR)/Pods-GOENUITests-checkManifestLockResult.txt",
			);
			runOnlyForDeploymentPostprocessing = 0;
			shellPath = /bin/sh;
			shellScript = "diff \"${PODS_PODFILE_DIR_PATH}/Podfile.lock\" \"${PODS_ROOT}/Manifest.lock\" > /dev/null\nif [ $? != 0 ] ; then\n    # print error to STDERR\n    echo \"error: The sandbox is not in sync with the Podfile.lock. Run 'pod install' or update your CocoaPods installation.\" >&2\n    exit 1\nfi\n# This output is used by Xcode 'outputs' to avoid re-running this script phase.\necho \"SUCCESS\" > \"${SCRIPT_OUTPUT_FILE_0}\"\n";
			showEnvVarsInLog = 0;
		};
		CD0844744F5C60E76EDDCA3B /* [CP] Check Pods Manifest.lock */ = {
			isa = PBXShellScriptBuildPhase;
			buildActionMask = 2147483647;
			files = (
			);
			inputPaths = (
				"${PODS_PODFILE_DIR_PATH}/Podfile.lock",
				"${PODS_ROOT}/Manifest.lock",
			);
			name = "[CP] Check Pods Manifest.lock";
			outputPaths = (
				"$(DERIVED_FILE_DIR)/Pods-GOENTests-checkManifestLockResult.txt",
			);
			runOnlyForDeploymentPostprocessing = 0;
			shellPath = /bin/sh;
			shellScript = "diff \"${PODS_PODFILE_DIR_PATH}/Podfile.lock\" \"${PODS_ROOT}/Manifest.lock\" > /dev/null\nif [ $? != 0 ] ; then\n    # print error to STDERR\n    echo \"error: The sandbox is not in sync with the Podfile.lock. Run 'pod install' or update your CocoaPods installation.\" >&2\n    exit 1\nfi\n# This output is used by Xcode 'outputs' to avoid re-running this script phase.\necho \"SUCCESS\" > \"${SCRIPT_OUTPUT_FILE_0}\"\n";
			showEnvVarsInLog = 0;
		};
		E1BD02E6A62D0D1855819955 /* [CP] Embed Pods Frameworks */ = {
			isa = PBXShellScriptBuildPhase;
			buildActionMask = 2147483647;
			files = (
			);
			inputPaths = (
			);
			name = "[CP] Embed Pods Frameworks";
			outputPaths = (
			);
			runOnlyForDeploymentPostprocessing = 0;
			shellPath = /bin/sh;
			shellScript = "\"${SRCROOT}/Pods/Target Support Files/Pods-GOENUITests/Pods-GOENUITests-frameworks.sh\"\n";
			showEnvVarsInLog = 0;
		};
/* End PBXShellScriptBuildPhase section */

/* Begin PBXSourcesBuildPhase section */
		251EA8651F8AFDAD003805F7 /* Sources */ = {
			isa = PBXSourcesBuildPhase;
			buildActionMask = 2147483647;
			files = (
				25F017E72014700F0063C125 /* InviteUserDetailBasicTableViewCell.swift in Sources */,
				25C76C1C1FC119DC00EFD5A5 /* CoupleAlbumDetailCollectionViewCell.swift in Sources */,
				25F017EB2014F3CD0063C125 /* CeremonyPhotoApi.swift in Sources */,
				252DE08A2020AC4D0026B243 /* NewsFeedViewController.swift in Sources */,
				259C93061FDD54D8004C0F06 /* UserProfileEdit1ViewController.swift in Sources */,
				251266701F98E6F0003C65D4 /* ServiceCollectionViewCell.swift in Sources */,
				25DCC4D71FD3E3CF00ABCCB0 /* UserProfileMainViewController.swift in Sources */,
				25F130F52025BBB4000DE3E1 /* CeremonyMessageListHeaderCollectionViewCell.swift in Sources */,
				25F017EE201613820063C125 /* dummy.m in Sources */,
				25F017D9200D0F710063C125 /* MyBridalInviListViewController.swift in Sources */,
				2553CEF11FCC42ED0097B8DE /* CoupleEditViewController.swift in Sources */,
				25F017CF2004F7790063C125 /* CeremonyMyBrideBasicInfoCreateViewController.swift in Sources */,
				25B282151FFB847900E24B9F /* CeremonyListViewController.swift in Sources */,
				25DCC4DD1FD4633100ABCCB0 /* profileBasicViewController.swift in Sources */,
				25B2821B1FFBCF5700E24B9F /* CeremonyApi.swift in Sources */,
				25F017DD200F91CC0063C125 /* NoDataTableViewCell.swift in Sources */,
				25DCC4E51FD4659400ABCCB0 /* BirthPlaceTableViewCell.swift in Sources */,
				25B282272000E9AE00E24B9F /* MyBrideSecReceptionHoldingInfoCollectionViewCell.swift in Sources */,
				25F017E22010F0210063C125 /* InviteUserListTableViewCell.swift in Sources */,
				25B2822920010CF900E24B9F /* NoBrideViewController.swift in Sources */,
				25B2F8011F91092E00DF599B /* CoupleMainViewController.swift in Sources */,
				251EA8A81F8B9CDB003805F7 /* AuthApi.swift in Sources */,
				25214B732031F3E700D27AC3 /* CreateRestaurantListViewController.swift in Sources */,
				251EA86F1F8AFDAD003805F7 /* ViewController.swift in Sources */,
				25DCC4E11FD4653900ABCCB0 /* BirthdayTableViewCell.swift in Sources */,
				25214B712031F3D500D27AC3 /* CreateFoodListViewController.swift in Sources */,
				25F017E520145C830063C125 /* InviteUsersDetailInfoViewController.swift in Sources */,
				25F017D4200CE8C40063C125 /* CeremonyInvitationMainViewController.swift in Sources */,
				25F017F42018F3B30063C125 /* InvitedMainListTableViewCell.swift in Sources */,
				25BDDE181FB8AC05005DA540 /* CoupleAlbumTableViewCell.swift in Sources */,
				25214B772031F40300D27AC3 /* CreateRingListViewController.swift in Sources */,
				25B2822B2002306400E24B9F /* CeremonyListTabBarController.swift in Sources */,
				25B282212000E8E800E24B9F /* MyBrideBasicInfoCollectionViewCell.swift in Sources */,
				25B2F7FF1F8FB4F400DF599B /* CoupleApi.swift in Sources */,
				25B2F8051F92464F00DF599B /* HomeCollectionViewCell.swift in Sources */,
				25214B802035BDAB00D27AC3 /* CreateRestaurantViewController.swift in Sources */,
				25DCC4E71FD465A400ABCCB0 /* UniversityTableViewCell.swift in Sources */,
				259C930A1FDEDC95004C0F06 /* UserProfileEdit3ViewController.swift in Sources */,
				2544BC20201C509F00922FB3 /* NoDataInvitedTableViewCell.swift in Sources */,
				25DCC4E31FD4658300ABCCB0 /* BloodTypeTableViewCell.swift in Sources */,
				25B2F8071F9578DA00DF599B /* UserApi.swift in Sources */,
				25DCC4E91FD465C200ABCCB0 /* ProposeTableViewCell.swift in Sources */,
				251EA86D1F8AFDAD003805F7 /* AppDelegate.swift in Sources */,
				25214B822035BDBB00D27AC3 /* CreateSongViewController.swift in Sources */,
				2512666C1F98DB67003C65D4 /* ServiceViewController.swift in Sources */,
				259C938C1FE2D4EA004C0F06 /* UserProfileEdit5ViewController.swift in Sources */,
				25BDDE1A1FB8AEB2005DA540 /* CoupleAlbumApi.swift in Sources */,
				25C76C1E1FC19EEA00EFD5A5 /* CoupleAlbumImageCreateViewController.swift in Sources */,
				25B282252000E99500E24B9F /* MyBrideReceptionHoldingInfoCollectionViewCell.swift in Sources */,
				25B2F7FB1F8E5C6100DF599B /* CoupleCreateConfUserViewController.swift in Sources */,
				25B2F7FD1F8E5CE900DF599B /* HomeTabBarController.swift in Sources */,
				25DCC4DF1FD4647A00ABCCB0 /* UserNameImageTableViewCell.swift in Sources */,
				25B282232000E95400E24B9F /* MyBrideHoldingInfoCollectionViewCell.swift in Sources */,
				25C8DD801FADC6A30094E571 /* CoupleScheduleApi.swift in Sources */,
				251EA8A01F8B4307003805F7 /* SignUpViewController.swift in Sources */,
				2512C3A81FA625F400B2BDFE /* CoupleScheduleViewController.swift in Sources */,
				25F130F12020D349000DE3E1 /* CeremonyMessageListViewController.swift in Sources */,
				251266721F98E710003C65D4 /* ServiceCollectionReusableView.swift in Sources */,
				25F017E9201470E30063C125 /* InviteUserDetailPhotoTableViewCell.swift in Sources */,
				25C76C1A1FC1110300EFD5A5 /* CoupleAlbumDetailViewController.swift in Sources */,
				25B2821E1FFFB62600E24B9F /* CeremonyMyBrideMainViewController.swift in Sources */,
				25F130F320220307000DE3E1 /* CeremonyMessageCollectionViewCell.swift in Sources */,
				25214B7E2035BD9200D27AC3 /* CreateFoodViewController.swift in Sources */,
				25214B842035BE1400D27AC3 /* CreateRingViewController.swift in Sources */,
				25BDDE1C1FBC8C21005DA540 /* CoupleAlbumCreateViewController.swift in Sources */,
				25BDBC771FD26F7C00CDFE86 /* CoupleCreateInfoViewController.swift in Sources */,
				25214B752031F3F500D27AC3 /* CreateSongListViewController.swift in Sources */,
				25B2F8031F921E4600DF599B /* HomeCollectionViewController.swift in Sources */,
				25C8DD821FB3529B0094E571 /* CoupleScheduleDetailViewController.swift in Sources */,
				259C930C1FDEDCB2004C0F06 /* UserProfileEdit4ViewController.swift in Sources */,
				25F017E02010DF580063C125 /* InviteUserListViewController.swift in Sources */,
				25C1ED411FA8CEA80096738B /* CoupleScheduleCreateViewController.swift in Sources */,
				25214B6B2031BB8200D27AC3 /* UserProfileDetailInfoViewController.swift in Sources */,
				251EA8C71F8CCE6E003805F7 /* HomeViewController.swift in Sources */,
				25214B7C2035BD8300D27AC3 /* CreateHobyViewController.swift in Sources */,
				2512C3AA1FA6263600B2BDFE /* CoupleAlbumViewController.swift in Sources */,
				25214B7A2034935700D27AC3 /* CreateBookViewController.swift in Sources */,
				25B282171FFB84A500E24B9F /* CeremonyListTableViewCell.swift in Sources */,
				259C93081FDEDC86004C0F06 /* UserProfileEdit2ViewController.swift in Sources */,
				25B2822E2003041700E24B9F /* textField.swift in Sources */,
				25B9AE221FFA367A00B30A3B /* CoupleCreateResAnswerViewController.swift in Sources */,
				253F67721FD97F2D004CEF07 /* ProfileApi.swift in Sources */,
				255BBCED1FF8EEC900DE22E6 /* CoupleCreateResViewController.swift in Sources */,
				25DCC4DA1FD3EDFA00ABCCB0 /* BasicProfileView.swift in Sources */,
				25B282191FFBCF0600E24B9F /* NoCeremonyListTableViewCell.swift in Sources */,
				25214B6D2031F28D00D27AC3 /* CreateBookListViewController.swift in Sources */,
				25DCC4D11FD2C45400ABCCB0 /* HomeTabViewController.swift in Sources */,
				25F017DB200F915F0063C125 /* MyBridalInvTableViewCell.swift in Sources */,
				25F130F82025F082000DE3E1 /* CreateMessageViewController.swift in Sources */,
				251EA89E1F8B2E51003805F7 /* SignInViewController.swift in Sources */,
				2512C3AC1FA8BA9D00B2BDFE /* CoupleScheduleTableViewCell.swift in Sources */,
				25214B6F2031F3A600D27AC3 /* CreateHobyListViewController.swift in Sources */,
				25F017F22018EBC90063C125 /* InvitedMainListViewController.swift in Sources */,
			);
			runOnlyForDeploymentPostprocessing = 0;
		};
		251EA8791F8AFDAD003805F7 /* Sources */ = {
			isa = PBXSourcesBuildPhase;
			buildActionMask = 2147483647;
			files = (
				251EA8821F8AFDAD003805F7 /* GOENTests.swift in Sources */,
			);
			runOnlyForDeploymentPostprocessing = 0;
		};
		251EA8841F8AFDAD003805F7 /* Sources */ = {
			isa = PBXSourcesBuildPhase;
			buildActionMask = 2147483647;
			files = (
				251EA88D1F8AFDAD003805F7 /* GOENUITests.swift in Sources */,
			);
			runOnlyForDeploymentPostprocessing = 0;
		};
/* End PBXSourcesBuildPhase section */

/* Begin PBXTargetDependency section */
		251EA87F1F8AFDAD003805F7 /* PBXTargetDependency */ = {
			isa = PBXTargetDependency;
			target = 251EA8681F8AFDAD003805F7 /* GOEN */;
			targetProxy = 251EA87E1F8AFDAD003805F7 /* PBXContainerItemProxy */;
		};
		251EA88A1F8AFDAD003805F7 /* PBXTargetDependency */ = {
			isa = PBXTargetDependency;
			target = 251EA8681F8AFDAD003805F7 /* GOEN */;
			targetProxy = 251EA8891F8AFDAD003805F7 /* PBXContainerItemProxy */;
		};
/* End PBXTargetDependency section */

/* Begin PBXVariantGroup section */
		251EA8751F8AFDAD003805F7 /* LaunchScreen.storyboard */ = {
			isa = PBXVariantGroup;
			children = (
				251EA8761F8AFDAD003805F7 /* Base */,
			);
			name = LaunchScreen.storyboard;
			sourceTree = "<group>";
		};
/* End PBXVariantGroup section */

/* Begin XCBuildConfiguration section */
		251EA88F1F8AFDAD003805F7 /* Debug */ = {
			isa = XCBuildConfiguration;
			buildSettings = {
				ALWAYS_SEARCH_USER_PATHS = NO;
				API_HOST = "https://juno-teraco-stg--staging.herokuapp.com/api/";
				CLANG_ALLOW_NON_MODULAR_INCLUDES_IN_FRAMEWORK_MODULES = YES;
				CLANG_ANALYZER_NONNULL = YES;
				CLANG_ANALYZER_NUMBER_OBJECT_CONVERSION = YES_AGGRESSIVE;
				CLANG_CXX_LANGUAGE_STANDARD = "gnu++14";
				CLANG_CXX_LIBRARY = "libc++";
				CLANG_ENABLE_MODULES = YES;
				CLANG_ENABLE_OBJC_ARC = YES;
				CLANG_WARN_BLOCK_CAPTURE_AUTORELEASING = YES;
				CLANG_WARN_BOOL_CONVERSION = YES;
				CLANG_WARN_COMMA = YES;
				CLANG_WARN_CONSTANT_CONVERSION = YES;
				CLANG_WARN_DIRECT_OBJC_ISA_USAGE = YES_ERROR;
				CLANG_WARN_DOCUMENTATION_COMMENTS = YES;
				CLANG_WARN_EMPTY_BODY = YES;
				CLANG_WARN_ENUM_CONVERSION = YES;
				CLANG_WARN_INFINITE_RECURSION = YES;
				CLANG_WARN_INT_CONVERSION = YES;
				CLANG_WARN_NON_LITERAL_NULL_CONVERSION = YES;
				CLANG_WARN_OBJC_LITERAL_CONVERSION = YES;
				CLANG_WARN_OBJC_ROOT_CLASS = YES_ERROR;
				CLANG_WARN_RANGE_LOOP_ANALYSIS = YES;
				CLANG_WARN_STRICT_PROTOTYPES = YES;
				CLANG_WARN_SUSPICIOUS_MOVE = YES;
				CLANG_WARN_UNGUARDED_AVAILABILITY = YES_AGGRESSIVE;
				CLANG_WARN_UNREACHABLE_CODE = YES;
				CLANG_WARN__DUPLICATE_METHOD_MATCH = YES;
				CODE_SIGN_IDENTITY = "iPhone Developer";
				COPY_PHASE_STRIP = NO;
				DEBUG_INFORMATION_FORMAT = dwarf;
				ENABLE_STRICT_OBJC_MSGSEND = YES;
				ENABLE_TESTABILITY = YES;
				GCC_C_LANGUAGE_STANDARD = gnu11;
				GCC_DYNAMIC_NO_PIC = NO;
				GCC_NO_COMMON_BLOCKS = YES;
				GCC_OPTIMIZATION_LEVEL = 0;
				GCC_PREPROCESSOR_DEFINITIONS = (
					"DEBUG=1",
					"$(inherited)",
				);
				GCC_WARN_64_TO_32_BIT_CONVERSION = YES;
				GCC_WARN_ABOUT_RETURN_TYPE = YES_ERROR;
				GCC_WARN_UNDECLARED_SELECTOR = YES;
				GCC_WARN_UNINITIALIZED_AUTOS = YES_AGGRESSIVE;
				GCC_WARN_UNUSED_FUNCTION = YES;
				GCC_WARN_UNUSED_VARIABLE = YES;
				IPHONEOS_DEPLOYMENT_TARGET = 11.0;
				MTL_ENABLE_DEBUG_INFO = YES;
				ONLY_ACTIVE_ARCH = YES;
				SDKROOT = iphoneos;
				SWIFT_ACTIVE_COMPILATION_CONDITIONS = DEBUG;
				SWIFT_OPTIMIZATION_LEVEL = "-Onone";
				test = "";
			};
			name = Debug;
		};
		251EA8901F8AFDAD003805F7 /* Release */ = {
			isa = XCBuildConfiguration;
			buildSettings = {
				ALWAYS_SEARCH_USER_PATHS = NO;
				API_HOST = "https://juno-teraco-stg.herokuapp.com/api/";
				CLANG_ALLOW_NON_MODULAR_INCLUDES_IN_FRAMEWORK_MODULES = YES;
				CLANG_ANALYZER_NONNULL = YES;
				CLANG_ANALYZER_NUMBER_OBJECT_CONVERSION = YES_AGGRESSIVE;
				CLANG_CXX_LANGUAGE_STANDARD = "gnu++14";
				CLANG_CXX_LIBRARY = "libc++";
				CLANG_ENABLE_MODULES = YES;
				CLANG_ENABLE_OBJC_ARC = YES;
				CLANG_WARN_BLOCK_CAPTURE_AUTORELEASING = YES;
				CLANG_WARN_BOOL_CONVERSION = YES;
				CLANG_WARN_COMMA = YES;
				CLANG_WARN_CONSTANT_CONVERSION = YES;
				CLANG_WARN_DIRECT_OBJC_ISA_USAGE = YES_ERROR;
				CLANG_WARN_DOCUMENTATION_COMMENTS = YES;
				CLANG_WARN_EMPTY_BODY = YES;
				CLANG_WARN_ENUM_CONVERSION = YES;
				CLANG_WARN_INFINITE_RECURSION = YES;
				CLANG_WARN_INT_CONVERSION = YES;
				CLANG_WARN_NON_LITERAL_NULL_CONVERSION = YES;
				CLANG_WARN_OBJC_LITERAL_CONVERSION = YES;
				CLANG_WARN_OBJC_ROOT_CLASS = YES_ERROR;
				CLANG_WARN_RANGE_LOOP_ANALYSIS = YES;
				CLANG_WARN_STRICT_PROTOTYPES = YES;
				CLANG_WARN_SUSPICIOUS_MOVE = YES;
				CLANG_WARN_UNGUARDED_AVAILABILITY = YES_AGGRESSIVE;
				CLANG_WARN_UNREACHABLE_CODE = YES;
				CLANG_WARN__DUPLICATE_METHOD_MATCH = YES;
				CODE_SIGN_IDENTITY = "iPhone Developer";
				COPY_PHASE_STRIP = NO;
				DEBUG_INFORMATION_FORMAT = "dwarf-with-dsym";
				ENABLE_NS_ASSERTIONS = NO;
				ENABLE_STRICT_OBJC_MSGSEND = YES;
				GCC_C_LANGUAGE_STANDARD = gnu11;
				GCC_NO_COMMON_BLOCKS = YES;
				GCC_WARN_64_TO_32_BIT_CONVERSION = YES;
				GCC_WARN_ABOUT_RETURN_TYPE = YES_ERROR;
				GCC_WARN_UNDECLARED_SELECTOR = YES;
				GCC_WARN_UNINITIALIZED_AUTOS = YES_AGGRESSIVE;
				GCC_WARN_UNUSED_FUNCTION = YES;
				GCC_WARN_UNUSED_VARIABLE = YES;
				IPHONEOS_DEPLOYMENT_TARGET = 11.0;
				MTL_ENABLE_DEBUG_INFO = NO;
				SDKROOT = iphoneos;
				SWIFT_OPTIMIZATION_LEVEL = "-Owholemodule";
				VALIDATE_PRODUCT = YES;
				test = "";
			};
			name = Release;
		};
		251EA8921F8AFDAD003805F7 /* Debug */ = {
			isa = XCBuildConfiguration;
			baseConfigurationReference = D57DDE0B278E91EE783F9EF3 /* Pods-GOEN.debug.xcconfig */;
			buildSettings = {
				API_HOST = "https://juno-teraco-stg--staging.herokuapp.com/api/";
				ASSETCATALOG_COMPILER_APPICON_NAME = AppIcon;
				CLANG_ENABLE_MODULES = YES;
				"CODE_SIGN_IDENTITY[sdk=iphoneos*]" = "iPhone Developer";
				CODE_SIGN_STYLE = Automatic;
				DEVELOPMENT_TEAM = R2XS7CKCJS;
				INFOPLIST_FILE = GOEN/Info.plist;
				IPHONEOS_DEPLOYMENT_TARGET = 11.1;
				LD_RUNPATH_SEARCH_PATHS = "$(inherited) @executable_path/Frameworks";
				PRODUCT_BUNDLE_IDENTIFIER = jp.tuyano.10days.GOEN;
				PRODUCT_NAME = "$(TARGET_NAME)";
				PROVISIONING_PROFILE_SPECIFIER = "";
				SWIFT_OBJC_BRIDGING_HEADER = "GOEN/GOEN-Bridging-Header.h";
				SWIFT_OPTIMIZATION_LEVEL = "-Onone";
				SWIFT_VERSION = 4.0;
				TARGETED_DEVICE_FAMILY = 1;
			};
			name = Debug;
		};
		251EA8931F8AFDAD003805F7 /* Release */ = {
			isa = XCBuildConfiguration;
			baseConfigurationReference = 374E2175F324F3A0D5E00FEB /* Pods-GOEN.release.xcconfig */;
			buildSettings = {
				ASSETCATALOG_COMPILER_APPICON_NAME = AppIcon;
				CLANG_ENABLE_MODULES = YES;
				"CODE_SIGN_IDENTITY[sdk=iphoneos*]" = "iPhone Developer";
				CODE_SIGN_STYLE = Automatic;
				DEVELOPMENT_TEAM = R2XS7CKCJS;
				INFOPLIST_FILE = GOEN/Info.plist;
				IPHONEOS_DEPLOYMENT_TARGET = 11.1;
				LD_RUNPATH_SEARCH_PATHS = "$(inherited) @executable_path/Frameworks";
				PRODUCT_BUNDLE_IDENTIFIER = jp.tuyano.10days.GOEN;
				PRODUCT_NAME = "$(TARGET_NAME)";
				PROVISIONING_PROFILE_SPECIFIER = "";
				SWIFT_OBJC_BRIDGING_HEADER = "GOEN/GOEN-Bridging-Header.h";
				SWIFT_VERSION = 4.0;
				TARGETED_DEVICE_FAMILY = 1;
			};
			name = Release;
		};
		251EA8951F8AFDAD003805F7 /* Debug */ = {
			isa = XCBuildConfiguration;
			baseConfigurationReference = 8C21BE6A85E5C2CC859599E7 /* Pods-GOENTests.debug.xcconfig */;
			buildSettings = {
				ALWAYS_EMBED_SWIFT_STANDARD_LIBRARIES = YES;
				BUNDLE_LOADER = "$(TEST_HOST)";
				CODE_SIGN_STYLE = Automatic;
				DEVELOPMENT_TEAM = R2XS7CKCJS;
				INFOPLIST_FILE = GOENTests/Info.plist;
				LD_RUNPATH_SEARCH_PATHS = "$(inherited) @executable_path/Frameworks @loader_path/Frameworks";
				PRODUCT_BUNDLE_IDENTIFIER = jp.tuyano.10days.GOENTests;
				PRODUCT_NAME = "$(TARGET_NAME)";
				SWIFT_VERSION = 4.0;
				TARGETED_DEVICE_FAMILY = "1,2";
				TEST_HOST = "$(BUILT_PRODUCTS_DIR)/GOEN.app/GOEN";
			};
			name = Debug;
		};
		251EA8961F8AFDAD003805F7 /* Release */ = {
			isa = XCBuildConfiguration;
			baseConfigurationReference = 5FF1EEE5C4C21F8ADEF57203 /* Pods-GOENTests.release.xcconfig */;
			buildSettings = {
				ALWAYS_EMBED_SWIFT_STANDARD_LIBRARIES = YES;
				BUNDLE_LOADER = "$(TEST_HOST)";
				CODE_SIGN_STYLE = Automatic;
				DEVELOPMENT_TEAM = R2XS7CKCJS;
				INFOPLIST_FILE = GOENTests/Info.plist;
				LD_RUNPATH_SEARCH_PATHS = "$(inherited) @executable_path/Frameworks @loader_path/Frameworks";
				PRODUCT_BUNDLE_IDENTIFIER = jp.tuyano.10days.GOENTests;
				PRODUCT_NAME = "$(TARGET_NAME)";
				SWIFT_VERSION = 4.0;
				TARGETED_DEVICE_FAMILY = "1,2";
				TEST_HOST = "$(BUILT_PRODUCTS_DIR)/GOEN.app/GOEN";
			};
			name = Release;
		};
		251EA8981F8AFDAD003805F7 /* Debug */ = {
			isa = XCBuildConfiguration;
			baseConfigurationReference = D33196135F617949402D763E /* Pods-GOENUITests.debug.xcconfig */;
			buildSettings = {
				ALWAYS_EMBED_SWIFT_STANDARD_LIBRARIES = YES;
				CODE_SIGN_STYLE = Automatic;
				DEVELOPMENT_TEAM = R2XS7CKCJS;
				INFOPLIST_FILE = GOENUITests/Info.plist;
				LD_RUNPATH_SEARCH_PATHS = "$(inherited) @executable_path/Frameworks @loader_path/Frameworks";
				PRODUCT_BUNDLE_IDENTIFIER = jp.tuyano.10days.GOENUITests;
				PRODUCT_NAME = "$(TARGET_NAME)";
				SWIFT_VERSION = 4.0;
				TARGETED_DEVICE_FAMILY = "1,2";
				TEST_TARGET_NAME = GOEN;
			};
			name = Debug;
		};
		251EA8991F8AFDAD003805F7 /* Release */ = {
			isa = XCBuildConfiguration;
			baseConfigurationReference = EE9D0AEA415220EDDBF591C8 /* Pods-GOENUITests.release.xcconfig */;
			buildSettings = {
				ALWAYS_EMBED_SWIFT_STANDARD_LIBRARIES = YES;
				CODE_SIGN_STYLE = Automatic;
				DEVELOPMENT_TEAM = R2XS7CKCJS;
				INFOPLIST_FILE = GOENUITests/Info.plist;
				LD_RUNPATH_SEARCH_PATHS = "$(inherited) @executable_path/Frameworks @loader_path/Frameworks";
				PRODUCT_BUNDLE_IDENTIFIER = jp.tuyano.10days.GOENUITests;
				PRODUCT_NAME = "$(TARGET_NAME)";
				SWIFT_VERSION = 4.0;
				TARGETED_DEVICE_FAMILY = "1,2";
				TEST_TARGET_NAME = GOEN;
			};
			name = Release;
		};
/* End XCBuildConfiguration section */

/* Begin XCConfigurationList section */
		251EA8641F8AFDAD003805F7 /* Build configuration list for PBXProject "GOEN" */ = {
			isa = XCConfigurationList;
			buildConfigurations = (
				251EA88F1F8AFDAD003805F7 /* Debug */,
				251EA8901F8AFDAD003805F7 /* Release */,
			);
			defaultConfigurationIsVisible = 0;
			defaultConfigurationName = Release;
		};
		251EA8911F8AFDAD003805F7 /* Build configuration list for PBXNativeTarget "GOEN" */ = {
			isa = XCConfigurationList;
			buildConfigurations = (
				251EA8921F8AFDAD003805F7 /* Debug */,
				251EA8931F8AFDAD003805F7 /* Release */,
			);
			defaultConfigurationIsVisible = 0;
			defaultConfigurationName = Release;
		};
		251EA8941F8AFDAD003805F7 /* Build configuration list for PBXNativeTarget "GOENTests" */ = {
			isa = XCConfigurationList;
			buildConfigurations = (
				251EA8951F8AFDAD003805F7 /* Debug */,
				251EA8961F8AFDAD003805F7 /* Release */,
			);
			defaultConfigurationIsVisible = 0;
			defaultConfigurationName = Release;
		};
		251EA8971F8AFDAD003805F7 /* Build configuration list for PBXNativeTarget "GOENUITests" */ = {
			isa = XCConfigurationList;
			buildConfigurations = (
				251EA8981F8AFDAD003805F7 /* Debug */,
				251EA8991F8AFDAD003805F7 /* Release */,
			);
			defaultConfigurationIsVisible = 0;
			defaultConfigurationName = Release;
		};
/* End XCConfigurationList section */
	};
	rootObject = 251EA8611F8AFDAD003805F7 /* Project object */;
}
